PODS:
  - Alamofire (5.2.2)
  - BaiduMapKit (6.0.0):
    - BaiduMapKit/Base (= 6.0.0)
    - BaiduMapKit/Cloud (= 6.0.0)
    - BaiduMapKit/Map (= 6.0.0)
    - BaiduMapKit/Search (= 6.0.0)
    - BaiduMapKit/Utils (= 6.0.0)
  - BaiduMapKit/Base (6.0.0)
  - BaiduMapKit/Cloud (6.0.0):
    - BaiduMapKit/Base
  - BaiduMapKit/Map (6.0.0):
    - BaiduMapKit/Base
  - BaiduMapKit/Search (6.0.0):
    - BaiduMapKit/Base
  - BaiduMapKit/Utils (6.0.0):
    - BaiduMapKit/Base
  - BMKLocationKit (2.0.0)
  - CleanJSON (1.0.8)
  - DatePickerDialog (4.0)
  - ImageSlideshow (1.9.1):
    - ImageSlideshow/Core (= 1.9.1)
  - ImageSlideshow/Core (1.9.1)
  - ImageSlideshow/Kingfisher (1.9.1):
    - ImageSlideshow/Core
    - Kingfisher (> 3.0)
  - Kingfisher (5.15.0):
    - Kingfisher/Core (= 5.15.0)
  - Kingfisher/Core (5.15.0)
  - Moya (14.0.0):
    - Moya/Core (= 14.0.0)
  - Moya/Core (14.0.0):
    - Alamofire (~> 5.0)
  - PromiseKit (6.13.1):
    - PromiseKit/CorePromise (= 6.13.1)
    - PromiseKit/Foundation (= 6.13.1)
    - PromiseKit/UIKit (= 6.13.1)
  - PromiseKit/CorePromise (6.13.1)
  - PromiseKit/Foundation (6.13.1):
    - PromiseKit/CorePromise
  - PromiseKit/UIKit (6.13.1):
    - PromiseKit/CorePromise
  - PullToRefresher (3.3)
  - RSKPlaceholderTextView (6.0.3)
  - SnapKit (5.0.1)
  - Toast-Swift (5.0.1)
  - WebViewJavascriptBridge (6.0.3)

DEPENDENCIES:
  - BaiduMapKit (= 6.0.0)
  - BMKLocationKit
  - CleanJSON
  - DatePickerDialog
  - ImageSlideshow (~> 1.9.0)
  - ImageSlideshow/Kingfisher
  - Kingfisher
  - Moya (~> 14.0)
  - PromiseKit (~> 6.13.1)
  - PullToRefresher
  - RSKPlaceholderTextView
  - SnapKit
  - Toast-Swift (~> 5.0.1)
  - WebViewJavascriptBridge (~> 6.0)

SPEC REPOS:
  trunk:
    - Alamofire
    - BaiduMapKit
    - BMKLocationKit
    - CleanJSON
    - DatePickerDialog
    - ImageSlideshow
    - Kingfisher
    - Moya
    - PromiseKit
    - PullToRefresher
    - RSKPlaceholderTextView
    - SnapKit
    - Toast-Swift
    - WebViewJavascriptBridge

SPEC CHECKSUMS:
  Alamofire: 814429acc853c6c54ff123fc3d2ef66803823ce0
  BaiduMapKit: e21e4c72533f263aa3c73e3b0ea13b37e7038f62
  BMKLocationKit: 097814ef672b1e57e86e6c1968d7892fb78002bf
  CleanJSON: 7cc2fbb8f3face17e80a25a2266199ad31002bfc
  DatePickerDialog: ccff2f91ff7a018057a4d72fa5ad6de49c8cb0cd
  ImageSlideshow: 67184be896a28472bd3b906c33ce4e0734aa3d22
  Kingfisher: 1acb67597a520c2d0310677e66d6e0af455ef757
  Moya: 5b45dacb75adb009f97fde91c204c1e565d31916
  PromiseKit: 28fda91c973cc377875d8c0ea4f973013c05b6db
  PullToRefresher: 6fc2ab6494caf949bcf6f0223ffd23f9d21a06f6
  RSKPlaceholderTextView: fc8c8932546298ec9d5e5572284aa42adb87b066
  SnapKit: 97b92857e3df3a0c71833cce143274bf6ef8e5eb
  Toast-Swift: 9b6a70f28b3bf0b96c40d46c0c4b9d6639846711
  WebViewJavascriptBridge: 7f5bc4d3581e672e8f32bd0f812d54bc69bb8e29

PODFILE CHECKSUM: 3a56842f6744e458452d1e63eeaca7a2a537c7df

COCOAPODS: 1.10.0
