PODS:
  - Alamofire (5.2.2)
  - AMap2DMap-NO-IDFA (5.6.1):
    - AMapFoundation-NO-IDFA (~> 1.4)
  - AMapFoundation-NO-IDFA (1.6.4)
  - AMapLocation-NO-IDFA (2.6.7):
    - AMapFoundation-NO-IDFA (~> 1.6.4)
  - DatePickerDialog (4.0)
  - ImageSlideshow (1.9.1):
    - ImageSlideshow/Core (= 1.9.1)
  - ImageSlideshow/Core (1.9.1)
  - ImageSlideshow/Kingfisher (1.9.1):
    - ImageSlideshow/Core
    - Kingfisher (> 3.0)
  - Kingfisher (5.15.0):
    - Kingfisher/Core (= 5.15.0)
  - Kingfisher/Core (5.15.0)
  - Moya (14.0.0):
    - Moya/Core (= 14.0.0)
  - Moya/Core (14.0.0):
    - Alamofire (~> 5.0)
  - PromiseKit (6.13.1):
    - PromiseKit/CorePromise (= 6.13.1)
    - PromiseKit/Foundation (= 6.13.1)
    - PromiseKit/UIKit (= 6.13.1)
  - PromiseKit/CorePromise (6.13.1)
  - PromiseKit/Foundation (6.13.1):
    - PromiseKit/CorePromise
  - PromiseKit/UIKit (6.13.1):
    - PromiseKit/CorePromise
  - PullToRefresher (3.3)
  - RSKPlaceholderTextView (6.0.3)
  - SnapKit (5.0.1)
  - Toast-Swift (5.0.1)

DEPENDENCIES:
  - AMap2DMap-NO-IDFA
  - AMapLocation-NO-IDFA
  - DatePickerDialog
  - ImageSlideshow (~> 1.9.0)
  - ImageSlideshow/Kingfisher
  - Kingfisher
  - Moya (~> 14.0)
  - PromiseKit (~> 6.13.1)
  - PullToRefresher
  - RSKPlaceholderTextView
  - SnapKit
  - Toast-Swift (~> 5.0.1)

SPEC REPOS:
  trunk:
    - Alamofire
    - AMap2DMap-NO-IDFA
    - AMapFoundation-NO-IDFA
    - AMapLocation-NO-IDFA
    - DatePickerDialog
    - ImageSlideshow
    - Kingfisher
    - Moya
    - PromiseKit
    - PullToRefresher
    - RSKPlaceholderTextView
    - SnapKit
    - Toast-Swift

SPEC CHECKSUMS:
  Alamofire: 814429acc853c6c54ff123fc3d2ef66803823ce0
  AMap2DMap-NO-IDFA: ccecb3e2a044c17e6badb9b91c950e709368be20
  AMapFoundation-NO-IDFA: 68a24362b110b8e0a3677605d0fd36bdf521f2bb
  AMapLocation-NO-IDFA: 2a3edfee336b38481b892e1ecc85df0f6b365851
  DatePickerDialog: ccff2f91ff7a018057a4d72fa5ad6de49c8cb0cd
  ImageSlideshow: 67184be896a28472bd3b906c33ce4e0734aa3d22
  Kingfisher: 1acb67597a520c2d0310677e66d6e0af455ef757
  Moya: 5b45dacb75adb009f97fde91c204c1e565d31916
  PromiseKit: 28fda91c973cc377875d8c0ea4f973013c05b6db
  PullToRefresher: 6fc2ab6494caf949bcf6f0223ffd23f9d21a06f6
  RSKPlaceholderTextView: fc8c8932546298ec9d5e5572284aa42adb87b066
  SnapKit: 97b92857e3df3a0c71833cce143274bf6ef8e5eb
  Toast-Swift: 9b6a70f28b3bf0b96c40d46c0c4b9d6639846711

PODFILE CHECKSUM: acdb861481f8fd242495e0349db7008333cf36ed

COCOAPODS: 1.10.0
