// !$*UTF8*$!
{
	archiveVersion = 1;
	classes = {
	};
	objectVersion = 51;
	objects = {

/* Begin PBXBuildFile section */
		5CC44EC0B948EE53B9C1F7C7 /* libPods-Truck.a in Frameworks */ = {isa = PBXBuildFile; fileRef = B65F0C6E3832B67E97FE0CB3 /* libPods-Truck.a */; };
		6009A645254082D8001F7EF7 /* NewsDetailViewController.swift in Sources */ = {isa = PBXBuildFile; fileRef = 6009A644254082D8001F7EF7 /* NewsDetailViewController.swift */; };
		6009BF3D25442ACC00421509 /* ApplyGasViewController.swift in Sources */ = {isa = PBXBuildFile; fileRef = 6009BF3C25442ACC00421509 /* ApplyGasViewController.swift */; };
		6009BF4125442BFC00421509 /* GasListTableViewCell.swift in Sources */ = {isa = PBXBuildFile; fileRef = 6009BF3F25442BFC00421509 /* GasListTableViewCell.swift */; };
		6009BF4225442BFC00421509 /* GasListTableViewCell.xib in Resources */ = {isa = PBXBuildFile; fileRef = 6009BF4025442BFC00421509 /* GasListTableViewCell.xib */; };
		6009BF452544462E00421509 /* GasDetailViewController.swift in Sources */ = {isa = PBXBuildFile; fileRef = 6009BF442544462E00421509 /* GasDetailViewController.swift */; };
		600CDFD7253B198E000C063D /* TitleInfoLabelTableViewCell.swift in Sources */ = {isa = PBXBuildFile; fileRef = 600CDFD5253B198E000C063D /* TitleInfoLabelTableViewCell.swift */; };
		600CDFD8253B198E000C063D /* TitleInfoLabelTableViewCell.xib in Resources */ = {isa = PBXBuildFile; fileRef = 600CDFD6253B198E000C063D /* TitleInfoLabelTableViewCell.xib */; };
		600CDFDB253B1CD1000C063D /* MyViewController.swift in Sources */ = {isa = PBXBuildFile; fileRef = 600CDFDA253B1CD1000C063D /* MyViewController.swift */; };
		600CDFDE253B3C2E000C063D /* TitledHeaderView.swift in Sources */ = {isa = PBXBuildFile; fileRef = 600CDFDD253B3C2E000C063D /* TitledHeaderView.swift */; };
		600CDFE1253B4574000C063D /* ButtonFooterView.swift in Sources */ = {isa = PBXBuildFile; fileRef = 600CDFE0253B4574000C063D /* ButtonFooterView.swift */; };
		600CDFE9253C335E000C063D /* TaskDetailViewController.swift in Sources */ = {isa = PBXBuildFile; fileRef = 600CDFE7253C335E000C063D /* TaskDetailViewController.swift */; };
		600CDFEA253C335E000C063D /* TaskDetailViewController.xib in Resources */ = {isa = PBXBuildFile; fileRef = 600CDFE8253C335E000C063D /* TaskDetailViewController.xib */; };
		600CDFED253C7421000C063D /* AnnounceViewController.swift in Sources */ = {isa = PBXBuildFile; fileRef = 600CDFEC253C7421000C063D /* AnnounceViewController.swift */; };
		600CDFF0253C742F000C063D /* NotificationListViewController.swift in Sources */ = {isa = PBXBuildFile; fileRef = 600CDFEF253C742F000C063D /* NotificationListViewController.swift */; };
		601048CA254425150046E209 /* GasListViewController.swift in Sources */ = {isa = PBXBuildFile; fileRef = 601048C9254425150046E209 /* GasListViewController.swift */; };
		6040C279251E104500C4FEBB /* TaskListViewController.swift in Sources */ = {isa = PBXBuildFile; fileRef = 6040C278251E104500C4FEBB /* TaskListViewController.swift */; };
		604AF214251DBA7A00AEC01F /* Defaults.swift in Sources */ = {isa = PBXBuildFile; fileRef = 604AF213251DBA7A00AEC01F /* Defaults.swift */; };
		604AF216251DBD6700AEC01F /* Errors.swift in Sources */ = {isa = PBXBuildFile; fileRef = 604AF215251DBD6700AEC01F /* Errors.swift */; };
		604AF218251DBFDF00AEC01F /* DropDownMenu.swift in Sources */ = {isa = PBXBuildFile; fileRef = 604AF217251DBFDF00AEC01F /* DropDownMenu.swift */; };
		604AF21B251DE72900AEC01F /* HomeCollectionViewCell.swift in Sources */ = {isa = PBXBuildFile; fileRef = 604AF219251DE72900AEC01F /* HomeCollectionViewCell.swift */; };
		604AF21C251DE72900AEC01F /* HomeCollectionViewCell.xib in Resources */ = {isa = PBXBuildFile; fileRef = 604AF21A251DE72900AEC01F /* HomeCollectionViewCell.xib */; };
		604AF21E251DEB1C00AEC01F /* HomeCollectionConfig.swift in Sources */ = {isa = PBXBuildFile; fileRef = 604AF21D251DEB1C00AEC01F /* HomeCollectionConfig.swift */; };
		604AF220251DF4AC00AEC01F /* MyTaskViewController.swift in Sources */ = {isa = PBXBuildFile; fileRef = 604AF21F251DF4AC00AEC01F /* MyTaskViewController.swift */; };
		604AF222251DF4B900AEC01F /* WorkBenchViewController.swift in Sources */ = {isa = PBXBuildFile; fileRef = 604AF221251DF4B900AEC01F /* WorkBenchViewController.swift */; };
		604AF224251DF4BF00AEC01F /* DispatchViewController.swift in Sources */ = {isa = PBXBuildFile; fileRef = 604AF223251DF4BF00AEC01F /* DispatchViewController.swift */; };
		604AF226251DF4E100AEC01F /* GasViewController.swift in Sources */ = {isa = PBXBuildFile; fileRef = 604AF225251DF4E000AEC01F /* GasViewController.swift */; };
		604AF228251DF4EB00AEC01F /* ViolationViewController.swift in Sources */ = {isa = PBXBuildFile; fileRef = 604AF227251DF4EB00AEC01F /* ViolationViewController.swift */; };
		604AF22A251DF4F700AEC01F /* RepairViewController.swift in Sources */ = {isa = PBXBuildFile; fileRef = 604AF229251DF4F700AEC01F /* RepairViewController.swift */; };
		604AF22C251DF50100AEC01F /* StatisticsViewController.swift in Sources */ = {isa = PBXBuildFile; fileRef = 604AF22B251DF50100AEC01F /* StatisticsViewController.swift */; };
		604E78FE253D5EF100BDFB0D /* FormTableViewCell.swift in Sources */ = {isa = PBXBuildFile; fileRef = 604E78FC253D5EF100BDFB0D /* FormTableViewCell.swift */; };
		604E78FF253D5EF100BDFB0D /* FormTableViewCell.xib in Resources */ = {isa = PBXBuildFile; fileRef = 604E78FD253D5EF100BDFB0D /* FormTableViewCell.xib */; };
		604E7902253D651200BDFB0D /* WorkbenchListViewController.swift in Sources */ = {isa = PBXBuildFile; fileRef = 604E7901253D651200BDFB0D /* WorkbenchListViewController.swift */; };
		604E7906253D69DB00BDFB0D /* WorkBenchListTableViewCell.swift in Sources */ = {isa = PBXBuildFile; fileRef = 604E7904253D69DB00BDFB0D /* WorkBenchListTableViewCell.swift */; };
		604E7907253D69DB00BDFB0D /* WorkBenchListTableViewCell.xib in Resources */ = {isa = PBXBuildFile; fileRef = 604E7905253D69DB00BDFB0D /* WorkBenchListTableViewCell.xib */; };
		604E790A253DC92F00BDFB0D /* OrderDetailViewController.swift in Sources */ = {isa = PBXBuildFile; fileRef = 604E7909253DC92F00BDFB0D /* OrderDetailViewController.swift */; };
		604E790D253E84A400BDFB0D /* OrderOperateViewController.swift in Sources */ = {isa = PBXBuildFile; fileRef = 604E790C253E84A400BDFB0D /* OrderOperateViewController.swift */; };
		604E7917253EA91900BDFB0D /* FormSelectTableViewCell.swift in Sources */ = {isa = PBXBuildFile; fileRef = 604E7915253EA91900BDFB0D /* FormSelectTableViewCell.swift */; };
		604E7918253EA91900BDFB0D /* FormSelectTableViewCell.xib in Resources */ = {isa = PBXBuildFile; fileRef = 604E7916253EA91900BDFB0D /* FormSelectTableViewCell.xib */; };
		604E791B253EAAD300BDFB0D /* ChangeProfileAlbumTableViewCell.swift in Sources */ = {isa = PBXBuildFile; fileRef = 604E791A253EAAD300BDFB0D /* ChangeProfileAlbumTableViewCell.swift */; };
		604E791E253EAB2F00BDFB0D /* AlbumImageCollectionViewCell.swift in Sources */ = {isa = PBXBuildFile; fileRef = 604E791D253EAB2F00BDFB0D /* AlbumImageCollectionViewCell.swift */; };
		605B6B5425450A250099BA33 /* UITextField+Extension.swift in Sources */ = {isa = PBXBuildFile; fileRef = 605B6B5325450A240099BA33 /* UITextField+Extension.swift */; };
		605B6B59254552B20099BA33 /* RepairListViewController.swift in Sources */ = {isa = PBXBuildFile; fileRef = 605B6B58254552B20099BA33 /* RepairListViewController.swift */; };
		605B6B5E25455C7E0099BA33 /* RepairListTableViewCell.swift in Sources */ = {isa = PBXBuildFile; fileRef = 605B6B5C25455C7E0099BA33 /* RepairListTableViewCell.swift */; };
		605B6B5F25455C7E0099BA33 /* RepairListTableViewCell.xib in Resources */ = {isa = PBXBuildFile; fileRef = 605B6B5D25455C7E0099BA33 /* RepairListTableViewCell.xib */; };
		605B6B6225455EAD0099BA33 /* RepairDetailViewController.swift in Sources */ = {isa = PBXBuildFile; fileRef = 605B6B6125455EAD0099BA33 /* RepairDetailViewController.swift */; };
		606F51C9254009CE00660B37 /* RevisePWViewController.swift in Sources */ = {isa = PBXBuildFile; fileRef = 606F51C8254009CE00660B37 /* RevisePWViewController.swift */; };
		606F51CD254009FA00660B37 /* FormInputTableViewCell.swift in Sources */ = {isa = PBXBuildFile; fileRef = 606F51CB254009FA00660B37 /* FormInputTableViewCell.swift */; };
		606F51CE254009FA00660B37 /* FormInputTableViewCell.xib in Resources */ = {isa = PBXBuildFile; fileRef = 606F51CC254009FA00660B37 /* FormInputTableViewCell.xib */; };
		606F51D125400CD500660B37 /* SingleButtonFooterView.swift in Sources */ = {isa = PBXBuildFile; fileRef = 606F51D025400CD500660B37 /* SingleButtonFooterView.swift */; };
		606F51D4254012CF00660B37 /* UploadTool.swift in Sources */ = {isa = PBXBuildFile; fileRef = 606F51D3254012CF00660B37 /* UploadTool.swift */; };
		60B61309251E452A0091ABCA /* TaskListTableViewCell.swift in Sources */ = {isa = PBXBuildFile; fileRef = 60B61307251E452A0091ABCA /* TaskListTableViewCell.swift */; };
		60B6130A251E452A0091ABCA /* TaskListTableViewCell.xib in Resources */ = {isa = PBXBuildFile; fileRef = 60B61308251E452A0091ABCA /* TaskListTableViewCell.xib */; };
		60B8567725563E7900F71318 /* PhoneNumLabel.swift in Sources */ = {isa = PBXBuildFile; fileRef = 60B8567625563E7900F71318 /* PhoneNumLabel.swift */; };
		60B856A7255652EB00F71318 /* UILabel+Extension.swift in Sources */ = {isa = PBXBuildFile; fileRef = 60B856A6255652EB00F71318 /* UILabel+Extension.swift */; };
		60B856AA25565A0D00F71318 /* MapTableViewCell.swift in Sources */ = {isa = PBXBuildFile; fileRef = 60B856A925565A0D00F71318 /* MapTableViewCell.swift */; };
		60C67F192557C19B00F05E4E /* FormTextViewTableViewCell.swift in Sources */ = {isa = PBXBuildFile; fileRef = 60C67F172557C19B00F05E4E /* FormTextViewTableViewCell.swift */; };
		60C67F1A2557C19B00F05E4E /* FormTextViewTableViewCell.xib in Resources */ = {isa = PBXBuildFile; fileRef = 60C67F182557C19B00F05E4E /* FormTextViewTableViewCell.xib */; };
		60C67F3A2557E3A300F05E4E /* ReviseGasViewController.swift in Sources */ = {isa = PBXBuildFile; fileRef = 60C67F392557E3A300F05E4E /* ReviseGasViewController.swift */; };
		60C67F3E25581C6D00F05E4E /* ViolationListViewController.swift in Sources */ = {isa = PBXBuildFile; fileRef = 60C67F3D25581C6D00F05E4E /* ViolationListViewController.swift */; };
		60C67F4125581D3B00F05E4E /* ApplyViolationViewController.swift in Sources */ = {isa = PBXBuildFile; fileRef = 60C67F4025581D3B00F05E4E /* ApplyViolationViewController.swift */; };
		60C67F442558274500F05E4E /* ViolationDetailViewController.swift in Sources */ = {isa = PBXBuildFile; fileRef = 60C67F432558274500F05E4E /* ViolationDetailViewController.swift */; };
		60C67F572558816A00F05E4E /* NewsImageTableViewCell.swift in Sources */ = {isa = PBXBuildFile; fileRef = 60C67F552558816A00F05E4E /* NewsImageTableViewCell.swift */; };
		60C67F582558816A00F05E4E /* NewsImageTableViewCell.xib in Resources */ = {isa = PBXBuildFile; fileRef = 60C67F562558816A00F05E4E /* NewsImageTableViewCell.xib */; };
		60C67F5C2558818B00F05E4E /* NewsTitleTableViewCell.swift in Sources */ = {isa = PBXBuildFile; fileRef = 60C67F5A2558818B00F05E4E /* NewsTitleTableViewCell.swift */; };
		60C67F5D2558818B00F05E4E /* NewsTitleTableViewCell.xib in Resources */ = {isa = PBXBuildFile; fileRef = 60C67F5B2558818B00F05E4E /* NewsTitleTableViewCell.xib */; };
		60C67F612558819B00F05E4E /* NewsContentTableViewCell.swift in Sources */ = {isa = PBXBuildFile; fileRef = 60C67F5F2558819B00F05E4E /* NewsContentTableViewCell.swift */; };
		60C67F622558819B00F05E4E /* NewsContentTableViewCell.xib in Resources */ = {isa = PBXBuildFile; fileRef = 60C67F602558819B00F05E4E /* NewsContentTableViewCell.xib */; };
		60D242E625408648004BBFF0 /* AnnounceListViewController.swift in Sources */ = {isa = PBXBuildFile; fileRef = 60D242E525408648004BBFF0 /* AnnounceListViewController.swift */; };
		60D242EA25408662004BBFF0 /* AnnounceListTableViewCell.swift in Sources */ = {isa = PBXBuildFile; fileRef = 60D242E825408662004BBFF0 /* AnnounceListTableViewCell.swift */; };
		60D242EB25408662004BBFF0 /* AnnounceListTableViewCell.xib in Resources */ = {isa = PBXBuildFile; fileRef = 60D242E925408662004BBFF0 /* AnnounceListTableViewCell.xib */; };
		60D242EE25408DA5004BBFF0 /* AnnounceDetailViewController.swift in Sources */ = {isa = PBXBuildFile; fileRef = 60D242ED25408DA5004BBFF0 /* AnnounceDetailViewController.swift */; };
		60E1F499251C6EC70002323B /* AppDelegate.swift in Sources */ = {isa = PBXBuildFile; fileRef = 60E1F498251C6EC70002323B /* AppDelegate.swift */; };
		60E1F4A2251C6EC80002323B /* Assets.xcassets in Resources */ = {isa = PBXBuildFile; fileRef = 60E1F4A1251C6EC80002323B /* Assets.xcassets */; };
		60E1F4A5251C6EC80002323B /* LaunchScreen.storyboard in Resources */ = {isa = PBXBuildFile; fileRef = 60E1F4A3251C6EC80002323B /* LaunchScreen.storyboard */; };
		60E1F4B2251C6FFC0002323B /* KeyboardHelper.swift in Sources */ = {isa = PBXBuildFile; fileRef = 60E1F4B1251C6FFC0002323B /* KeyboardHelper.swift */; };
		60E1F4B7251C700E0002323B /* APIHelper.swift in Sources */ = {isa = PBXBuildFile; fileRef = 60E1F4B4251C700E0002323B /* APIHelper.swift */; };
		60E1F4B8251C700E0002323B /* Response.swift in Sources */ = {isa = PBXBuildFile; fileRef = 60E1F4B6251C700E0002323B /* Response.swift */; };
		60E1F4BF251C70170002323B /* Alert.swift in Sources */ = {isa = PBXBuildFile; fileRef = 60E1F4BB251C70170002323B /* Alert.swift */; };
		60E1F4C0251C70170002323B /* AppPromisable.swift in Sources */ = {isa = PBXBuildFile; fileRef = 60E1F4BC251C70170002323B /* AppPromisable.swift */; };
		60E1F4C1251C70170002323B /* ViewHelpers.swift in Sources */ = {isa = PBXBuildFile; fileRef = 60E1F4BD251C70170002323B /* ViewHelpers.swift */; };
		60E1F4D4251C701F0002323B /* Calendar+Extension.swift in Sources */ = {isa = PBXBuildFile; fileRef = 60E1F4C3251C701F0002323B /* Calendar+Extension.swift */; };
		60E1F4D5251C701F0002323B /* UIView+Extensions.swift in Sources */ = {isa = PBXBuildFile; fileRef = 60E1F4C4251C701F0002323B /* UIView+Extensions.swift */; };
		60E1F4D6251C701F0002323B /* Date+Extension.swift in Sources */ = {isa = PBXBuildFile; fileRef = 60E1F4C5251C701F0002323B /* Date+Extension.swift */; };
		60E1F4D7251C701F0002323B /* UIButton+Extension.swift in Sources */ = {isa = PBXBuildFile; fileRef = 60E1F4C6251C701F0002323B /* UIButton+Extension.swift */; };
		60E1F4D9251C701F0002323B /* UIControl+Extension.swift in Sources */ = {isa = PBXBuildFile; fileRef = 60E1F4C8251C701F0002323B /* UIControl+Extension.swift */; };
		60E1F4DA251C701F0002323B /* JSON+Extension.swift in Sources */ = {isa = PBXBuildFile; fileRef = 60E1F4C9251C701F0002323B /* JSON+Extension.swift */; };
		60E1F4DB251C701F0002323B /* String+Extension.swift in Sources */ = {isa = PBXBuildFile; fileRef = 60E1F4CA251C701F0002323B /* String+Extension.swift */; };
		60E1F4DC251C701F0002323B /* Decodable+Extension.swift in Sources */ = {isa = PBXBuildFile; fileRef = 60E1F4CB251C701F0002323B /* Decodable+Extension.swift */; };
		60E1F4DD251C701F0002323B /* DateFormatter+Extension.swift in Sources */ = {isa = PBXBuildFile; fileRef = 60E1F4CC251C701F0002323B /* DateFormatter+Extension.swift */; };
		60E1F4DE251C701F0002323B /* Fonts.swift in Sources */ = {isa = PBXBuildFile; fileRef = 60E1F4CD251C701F0002323B /* Fonts.swift */; };
		60E1F4DF251C701F0002323B /* UIStackView+Extension.swift in Sources */ = {isa = PBXBuildFile; fileRef = 60E1F4CE251C701F0002323B /* UIStackView+Extension.swift */; };
		60E1F4E0251C701F0002323B /* Notification+Extension.swift in Sources */ = {isa = PBXBuildFile; fileRef = 60E1F4CF251C701F0002323B /* Notification+Extension.swift */; };
		60E1F4E1251C701F0002323B /* Dictionary+Extensions.swift in Sources */ = {isa = PBXBuildFile; fileRef = 60E1F4D0251C701F0002323B /* Dictionary+Extensions.swift */; };
		60E1F4E2251C701F0002323B /* Plist.swift in Sources */ = {isa = PBXBuildFile; fileRef = 60E1F4D1251C701F0002323B /* Plist.swift */; };
		60E1F4E3251C701F0002323B /* Array+Extension.swift in Sources */ = {isa = PBXBuildFile; fileRef = 60E1F4D2251C701F0002323B /* Array+Extension.swift */; };
		60E1F4E4251C701F0002323B /* SKProduct+Extension.swift in Sources */ = {isa = PBXBuildFile; fileRef = 60E1F4D3251C701F0002323B /* SKProduct+Extension.swift */; };
		60E1F4E6251C70970002323B /* Colors.swift in Sources */ = {isa = PBXBuildFile; fileRef = 60E1F4E5251C70970002323B /* Colors.swift */; };
		60E1F4E9251C70C80002323B /* BaseViewController.swift in Sources */ = {isa = PBXBuildFile; fileRef = 60E1F4E8251C70C80002323B /* BaseViewController.swift */; };
		60E1F4EB251C73A90002323B /* RootViewController.swift in Sources */ = {isa = PBXBuildFile; fileRef = 60E1F4EA251C73A90002323B /* RootViewController.swift */; };
		60E1F4EE251C73E40002323B /* HomeViewController.swift in Sources */ = {isa = PBXBuildFile; fileRef = 60E1F4ED251C73E40002323B /* HomeViewController.swift */; };
		60E1F4F1251C742E0002323B /* LoginViewController.swift in Sources */ = {isa = PBXBuildFile; fileRef = 60E1F4F0251C742E0002323B /* LoginViewController.swift */; };
		60E1F4F3251C77740002323B /* SplashViewController.swift in Sources */ = {isa = PBXBuildFile; fileRef = 60E1F4F2251C77740002323B /* SplashViewController.swift */; };
		60E1F4F5251C883D0002323B /* LoginManager.swift in Sources */ = {isa = PBXBuildFile; fileRef = 60E1F4F4251C883D0002323B /* LoginManager.swift */; };
		60E1F4F7251CCAEA0002323B /* Service.swift in Sources */ = {isa = PBXBuildFile; fileRef = 60E1F4F6251CCAEA0002323B /* Service.swift */; };
		60E1F4F9251CDCBD0002323B /* API.swift in Sources */ = {isa = PBXBuildFile; fileRef = 60E1F4F8251CDCBD0002323B /* API.swift */; };
		60E1F4FB251CDE710002323B /* Utils.swift in Sources */ = {isa = PBXBuildFile; fileRef = 60E1F4FA251CDE710002323B /* Utils.swift */; };
		60E1F4FD251CFAB80002323B /* ResultResult.swift in Sources */ = {isa = PBXBuildFile; fileRef = 60E1F4FC251CFAB80002323B /* ResultResult.swift */; };
		60E1F500251D96510002323B /* Requests.swift in Sources */ = {isa = PBXBuildFile; fileRef = 60E1F4FF251D96510002323B /* Requests.swift */; };
		60F818D22540F8A800E676C5 /* LocationManager.swift in Sources */ = {isa = PBXBuildFile; fileRef = 60F818D12540F8A800E676C5 /* LocationManager.swift */; };
		60F818D7254102D700E676C5 /* voice_unload_point.mp3 in Resources */ = {isa = PBXBuildFile; fileRef = 60F818D4254102D600E676C5 /* voice_unload_point.mp3 */; };
		60F818D8254102D700E676C5 /* voice_notification.mp3 in Resources */ = {isa = PBXBuildFile; fileRef = 60F818D5254102D600E676C5 /* voice_notification.mp3 */; };
		60F818D9254102D700E676C5 /* voice_load_point.mp3 in Resources */ = {isa = PBXBuildFile; fileRef = 60F818D6254102D600E676C5 /* voice_load_point.mp3 */; };
		60F818DC2541034E00E676C5 /* VoicePlaybackManager.swift in Sources */ = {isa = PBXBuildFile; fileRef = 60F818DB2541034E00E676C5 /* VoicePlaybackManager.swift */; };
		60F818DF2541481E00E676C5 /* PollingManager.swift in Sources */ = {isa = PBXBuildFile; fileRef = 60F818DE2541481E00E676C5 /* PollingManager.swift */; };
		60F818E3254180C200E676C5 /* MsgListTableViewCell.swift in Sources */ = {isa = PBXBuildFile; fileRef = 60F818E1254180C200E676C5 /* MsgListTableViewCell.swift */; };
		60F818E4254180C200E676C5 /* MsgListTableViewCell.xib in Resources */ = {isa = PBXBuildFile; fileRef = 60F818E2254180C200E676C5 /* MsgListTableViewCell.xib */; };
		60F818E72541CF6E00E676C5 /* FormStackView.swift in Sources */ = {isa = PBXBuildFile; fileRef = 60F818E62541CF6E00E676C5 /* FormStackView.swift */; };
		60F818EA2542B20A00E676C5 /* ReportHeaderView.swift in Sources */ = {isa = PBXBuildFile; fileRef = 60F818E92542B20A00E676C5 /* ReportHeaderView.swift */; };
		60F818ED2542D27F00E676C5 /* ReportTableHeaderView.swift in Sources */ = {isa = PBXBuildFile; fileRef = 60F818EC2542D27F00E676C5 /* ReportTableHeaderView.swift */; };
		60F818F02542DBDF00E676C5 /* TotalAmountFooterView.swift in Sources */ = {isa = PBXBuildFile; fileRef = 60F818EF2542DBDF00E676C5 /* TotalAmountFooterView.swift */; };
		60F818F42542E30D00E676C5 /* ReportTableViewCell.swift in Sources */ = {isa = PBXBuildFile; fileRef = 60F818F22542E30D00E676C5 /* ReportTableViewCell.swift */; };
		60F818F52542E30D00E676C5 /* ReportTableViewCell.xib in Resources */ = {isa = PBXBuildFile; fileRef = 60F818F32542E30D00E676C5 /* ReportTableViewCell.xib */; };
		60F8190725431E9800E676C5 /* TruckDriverIncomeViewController.swift in Sources */ = {isa = PBXBuildFile; fileRef = 60F8190625431E9800E676C5 /* TruckDriverIncomeViewController.swift */; };
		60F8190A254320EC00E676C5 /* IncomeHeaderView.swift in Sources */ = {isa = PBXBuildFile; fileRef = 60F81909254320EC00E676C5 /* IncomeHeaderView.swift */; };
		60F8190E254329CA00E676C5 /* IncomeListTableViewCell.swift in Sources */ = {isa = PBXBuildFile; fileRef = 60F8190C254329CA00E676C5 /* IncomeListTableViewCell.swift */; };
		60F8190F254329CA00E676C5 /* IncomeListTableViewCell.xib in Resources */ = {isa = PBXBuildFile; fileRef = 60F8190D254329CA00E676C5 /* IncomeListTableViewCell.xib */; };
		60FDED92254561C9000E6073 /* ApplyRepairViewController.swift in Sources */ = {isa = PBXBuildFile; fileRef = 60FDED91254561C9000E6073 /* ApplyRepairViewController.swift */; };
		6BE9020A25545FBA00939D7B /* AnnnotationLabel.swift in Sources */ = {isa = PBXBuildFile; fileRef = 6BE9020925545FBA00939D7B /* AnnnotationLabel.swift */; };
/* End PBXBuildFile section */

/* Begin PBXFileReference section */
		2ADA9FE3CDEB64FC208D41F2 /* Pods-Truck.debug.xcconfig */ = {isa = PBXFileReference; includeInIndex = 1; lastKnownFileType = text.xcconfig; name = "Pods-Truck.debug.xcconfig"; path = "Target Support Files/Pods-Truck/Pods-Truck.debug.xcconfig"; sourceTree = "<group>"; };
		3D0052B2B60E01FCE9EFACF8 /* Pods-Truck.release.xcconfig */ = {isa = PBXFileReference; includeInIndex = 1; lastKnownFileType = text.xcconfig; name = "Pods-Truck.release.xcconfig"; path = "Target Support Files/Pods-Truck/Pods-Truck.release.xcconfig"; sourceTree = "<group>"; };
		6009A644254082D8001F7EF7 /* NewsDetailViewController.swift */ = {isa = PBXFileReference; lastKnownFileType = sourcecode.swift; path = NewsDetailViewController.swift; sourceTree = "<group>"; };
		6009BF3C25442ACC00421509 /* ApplyGasViewController.swift */ = {isa = PBXFileReference; lastKnownFileType = sourcecode.swift; path = ApplyGasViewController.swift; sourceTree = "<group>"; };
		6009BF3F25442BFC00421509 /* GasListTableViewCell.swift */ = {isa = PBXFileReference; lastKnownFileType = sourcecode.swift; path = GasListTableViewCell.swift; sourceTree = "<group>"; };
		6009BF4025442BFC00421509 /* GasListTableViewCell.xib */ = {isa = PBXFileReference; lastKnownFileType = file.xib; path = GasListTableViewCell.xib; sourceTree = "<group>"; };
		6009BF442544462E00421509 /* GasDetailViewController.swift */ = {isa = PBXFileReference; lastKnownFileType = sourcecode.swift; path = GasDetailViewController.swift; sourceTree = "<group>"; };
		600CDFD5253B198E000C063D /* TitleInfoLabelTableViewCell.swift */ = {isa = PBXFileReference; lastKnownFileType = sourcecode.swift; path = TitleInfoLabelTableViewCell.swift; sourceTree = "<group>"; };
		600CDFD6253B198E000C063D /* TitleInfoLabelTableViewCell.xib */ = {isa = PBXFileReference; lastKnownFileType = file.xib; path = TitleInfoLabelTableViewCell.xib; sourceTree = "<group>"; };
		600CDFDA253B1CD1000C063D /* MyViewController.swift */ = {isa = PBXFileReference; lastKnownFileType = sourcecode.swift; path = MyViewController.swift; sourceTree = "<group>"; };
		600CDFDD253B3C2E000C063D /* TitledHeaderView.swift */ = {isa = PBXFileReference; lastKnownFileType = sourcecode.swift; path = TitledHeaderView.swift; sourceTree = "<group>"; };
		600CDFE0253B4574000C063D /* ButtonFooterView.swift */ = {isa = PBXFileReference; lastKnownFileType = sourcecode.swift; path = ButtonFooterView.swift; sourceTree = "<group>"; };
		600CDFE7253C335E000C063D /* TaskDetailViewController.swift */ = {isa = PBXFileReference; lastKnownFileType = sourcecode.swift; path = TaskDetailViewController.swift; sourceTree = "<group>"; };
		600CDFE8253C335E000C063D /* TaskDetailViewController.xib */ = {isa = PBXFileReference; lastKnownFileType = file.xib; path = TaskDetailViewController.xib; sourceTree = "<group>"; };
		600CDFEC253C7421000C063D /* AnnounceViewController.swift */ = {isa = PBXFileReference; lastKnownFileType = sourcecode.swift; path = AnnounceViewController.swift; sourceTree = "<group>"; };
		600CDFEF253C742F000C063D /* NotificationListViewController.swift */ = {isa = PBXFileReference; lastKnownFileType = sourcecode.swift; path = NotificationListViewController.swift; sourceTree = "<group>"; };
		601048C9254425150046E209 /* GasListViewController.swift */ = {isa = PBXFileReference; lastKnownFileType = sourcecode.swift; path = GasListViewController.swift; sourceTree = "<group>"; };
		6040C278251E104500C4FEBB /* TaskListViewController.swift */ = {isa = PBXFileReference; lastKnownFileType = sourcecode.swift; path = TaskListViewController.swift; sourceTree = "<group>"; };
		604AF213251DBA7A00AEC01F /* Defaults.swift */ = {isa = PBXFileReference; lastKnownFileType = sourcecode.swift; path = Defaults.swift; sourceTree = "<group>"; };
		604AF215251DBD6700AEC01F /* Errors.swift */ = {isa = PBXFileReference; lastKnownFileType = sourcecode.swift; path = Errors.swift; sourceTree = "<group>"; };
		604AF217251DBFDF00AEC01F /* DropDownMenu.swift */ = {isa = PBXFileReference; lastKnownFileType = sourcecode.swift; path = DropDownMenu.swift; sourceTree = "<group>"; };
		604AF219251DE72900AEC01F /* HomeCollectionViewCell.swift */ = {isa = PBXFileReference; lastKnownFileType = sourcecode.swift; path = HomeCollectionViewCell.swift; sourceTree = "<group>"; };
		604AF21A251DE72900AEC01F /* HomeCollectionViewCell.xib */ = {isa = PBXFileReference; lastKnownFileType = file.xib; path = HomeCollectionViewCell.xib; sourceTree = "<group>"; };
		604AF21D251DEB1C00AEC01F /* HomeCollectionConfig.swift */ = {isa = PBXFileReference; lastKnownFileType = sourcecode.swift; path = HomeCollectionConfig.swift; sourceTree = "<group>"; };
		604AF21F251DF4AC00AEC01F /* MyTaskViewController.swift */ = {isa = PBXFileReference; lastKnownFileType = sourcecode.swift; path = MyTaskViewController.swift; sourceTree = "<group>"; };
		604AF221251DF4B900AEC01F /* WorkBenchViewController.swift */ = {isa = PBXFileReference; lastKnownFileType = sourcecode.swift; path = WorkBenchViewController.swift; sourceTree = "<group>"; };
		604AF223251DF4BF00AEC01F /* DispatchViewController.swift */ = {isa = PBXFileReference; lastKnownFileType = sourcecode.swift; path = DispatchViewController.swift; sourceTree = "<group>"; };
		604AF225251DF4E000AEC01F /* GasViewController.swift */ = {isa = PBXFileReference; lastKnownFileType = sourcecode.swift; path = GasViewController.swift; sourceTree = "<group>"; };
		604AF227251DF4EB00AEC01F /* ViolationViewController.swift */ = {isa = PBXFileReference; lastKnownFileType = sourcecode.swift; path = ViolationViewController.swift; sourceTree = "<group>"; };
		604AF229251DF4F700AEC01F /* RepairViewController.swift */ = {isa = PBXFileReference; lastKnownFileType = sourcecode.swift; path = RepairViewController.swift; sourceTree = "<group>"; };
		604AF22B251DF50100AEC01F /* StatisticsViewController.swift */ = {isa = PBXFileReference; lastKnownFileType = sourcecode.swift; path = StatisticsViewController.swift; sourceTree = "<group>"; };
		604E78FC253D5EF100BDFB0D /* FormTableViewCell.swift */ = {isa = PBXFileReference; lastKnownFileType = sourcecode.swift; path = FormTableViewCell.swift; sourceTree = "<group>"; };
		604E78FD253D5EF100BDFB0D /* FormTableViewCell.xib */ = {isa = PBXFileReference; lastKnownFileType = file.xib; path = FormTableViewCell.xib; sourceTree = "<group>"; };
		604E7901253D651200BDFB0D /* WorkbenchListViewController.swift */ = {isa = PBXFileReference; lastKnownFileType = sourcecode.swift; path = WorkbenchListViewController.swift; sourceTree = "<group>"; };
		604E7904253D69DB00BDFB0D /* WorkBenchListTableViewCell.swift */ = {isa = PBXFileReference; lastKnownFileType = sourcecode.swift; path = WorkBenchListTableViewCell.swift; sourceTree = "<group>"; };
		604E7905253D69DB00BDFB0D /* WorkBenchListTableViewCell.xib */ = {isa = PBXFileReference; lastKnownFileType = file.xib; path = WorkBenchListTableViewCell.xib; sourceTree = "<group>"; };
		604E7909253DC92F00BDFB0D /* OrderDetailViewController.swift */ = {isa = PBXFileReference; lastKnownFileType = sourcecode.swift; path = OrderDetailViewController.swift; sourceTree = "<group>"; };
		604E790C253E84A400BDFB0D /* OrderOperateViewController.swift */ = {isa = PBXFileReference; lastKnownFileType = sourcecode.swift; path = OrderOperateViewController.swift; sourceTree = "<group>"; };
		604E7915253EA91900BDFB0D /* FormSelectTableViewCell.swift */ = {isa = PBXFileReference; lastKnownFileType = sourcecode.swift; path = FormSelectTableViewCell.swift; sourceTree = "<group>"; };
		604E7916253EA91900BDFB0D /* FormSelectTableViewCell.xib */ = {isa = PBXFileReference; lastKnownFileType = file.xib; path = FormSelectTableViewCell.xib; sourceTree = "<group>"; };
		604E791A253EAAD300BDFB0D /* ChangeProfileAlbumTableViewCell.swift */ = {isa = PBXFileReference; fileEncoding = 4; lastKnownFileType = sourcecode.swift; path = ChangeProfileAlbumTableViewCell.swift; sourceTree = "<group>"; };
		604E791D253EAB2F00BDFB0D /* AlbumImageCollectionViewCell.swift */ = {isa = PBXFileReference; fileEncoding = 4; lastKnownFileType = sourcecode.swift; path = AlbumImageCollectionViewCell.swift; sourceTree = "<group>"; };
		605B6B5325450A240099BA33 /* UITextField+Extension.swift */ = {isa = PBXFileReference; lastKnownFileType = sourcecode.swift; path = "UITextField+Extension.swift"; sourceTree = "<group>"; };
		605B6B58254552B20099BA33 /* RepairListViewController.swift */ = {isa = PBXFileReference; lastKnownFileType = sourcecode.swift; path = RepairListViewController.swift; sourceTree = "<group>"; };
		605B6B5C25455C7E0099BA33 /* RepairListTableViewCell.swift */ = {isa = PBXFileReference; lastKnownFileType = sourcecode.swift; path = RepairListTableViewCell.swift; sourceTree = "<group>"; };
		605B6B5D25455C7E0099BA33 /* RepairListTableViewCell.xib */ = {isa = PBXFileReference; lastKnownFileType = file.xib; path = RepairListTableViewCell.xib; sourceTree = "<group>"; };
		605B6B6125455EAD0099BA33 /* RepairDetailViewController.swift */ = {isa = PBXFileReference; lastKnownFileType = sourcecode.swift; path = RepairDetailViewController.swift; sourceTree = "<group>"; };
		606F51C8254009CE00660B37 /* RevisePWViewController.swift */ = {isa = PBXFileReference; lastKnownFileType = sourcecode.swift; path = RevisePWViewController.swift; sourceTree = "<group>"; };
		606F51CB254009FA00660B37 /* FormInputTableViewCell.swift */ = {isa = PBXFileReference; lastKnownFileType = sourcecode.swift; path = FormInputTableViewCell.swift; sourceTree = "<group>"; };
		606F51CC254009FA00660B37 /* FormInputTableViewCell.xib */ = {isa = PBXFileReference; lastKnownFileType = file.xib; path = FormInputTableViewCell.xib; sourceTree = "<group>"; };
		606F51D025400CD500660B37 /* SingleButtonFooterView.swift */ = {isa = PBXFileReference; lastKnownFileType = sourcecode.swift; path = SingleButtonFooterView.swift; sourceTree = "<group>"; };
		606F51D3254012CF00660B37 /* UploadTool.swift */ = {isa = PBXFileReference; lastKnownFileType = sourcecode.swift; path = UploadTool.swift; sourceTree = "<group>"; };
		60B61307251E452A0091ABCA /* TaskListTableViewCell.swift */ = {isa = PBXFileReference; lastKnownFileType = sourcecode.swift; path = TaskListTableViewCell.swift; sourceTree = "<group>"; };
		60B61308251E452A0091ABCA /* TaskListTableViewCell.xib */ = {isa = PBXFileReference; lastKnownFileType = file.xib; path = TaskListTableViewCell.xib; sourceTree = "<group>"; };
		60B8567625563E7900F71318 /* PhoneNumLabel.swift */ = {isa = PBXFileReference; lastKnownFileType = sourcecode.swift; path = PhoneNumLabel.swift; sourceTree = "<group>"; };
		60B856A6255652EB00F71318 /* UILabel+Extension.swift */ = {isa = PBXFileReference; lastKnownFileType = sourcecode.swift; path = "UILabel+Extension.swift"; sourceTree = "<group>"; };
		60B856A925565A0D00F71318 /* MapTableViewCell.swift */ = {isa = PBXFileReference; lastKnownFileType = sourcecode.swift; path = MapTableViewCell.swift; sourceTree = "<group>"; };
		60C67F172557C19B00F05E4E /* FormTextViewTableViewCell.swift */ = {isa = PBXFileReference; lastKnownFileType = sourcecode.swift; path = FormTextViewTableViewCell.swift; sourceTree = "<group>"; };
		60C67F182557C19B00F05E4E /* FormTextViewTableViewCell.xib */ = {isa = PBXFileReference; lastKnownFileType = file.xib; path = FormTextViewTableViewCell.xib; sourceTree = "<group>"; };
		60C67F392557E3A300F05E4E /* ReviseGasViewController.swift */ = {isa = PBXFileReference; lastKnownFileType = sourcecode.swift; path = ReviseGasViewController.swift; sourceTree = "<group>"; };
		60C67F3D25581C6D00F05E4E /* ViolationListViewController.swift */ = {isa = PBXFileReference; lastKnownFileType = sourcecode.swift; path = ViolationListViewController.swift; sourceTree = "<group>"; };
		60C67F4025581D3B00F05E4E /* ApplyViolationViewController.swift */ = {isa = PBXFileReference; lastKnownFileType = sourcecode.swift; path = ApplyViolationViewController.swift; sourceTree = "<group>"; };
		60C67F432558274500F05E4E /* ViolationDetailViewController.swift */ = {isa = PBXFileReference; lastKnownFileType = sourcecode.swift; path = ViolationDetailViewController.swift; sourceTree = "<group>"; };
		60C67F552558816A00F05E4E /* NewsImageTableViewCell.swift */ = {isa = PBXFileReference; lastKnownFileType = sourcecode.swift; path = NewsImageTableViewCell.swift; sourceTree = "<group>"; };
		60C67F562558816A00F05E4E /* NewsImageTableViewCell.xib */ = {isa = PBXFileReference; lastKnownFileType = file.xib; path = NewsImageTableViewCell.xib; sourceTree = "<group>"; };
		60C67F5A2558818B00F05E4E /* NewsTitleTableViewCell.swift */ = {isa = PBXFileReference; lastKnownFileType = sourcecode.swift; path = NewsTitleTableViewCell.swift; sourceTree = "<group>"; };
		60C67F5B2558818B00F05E4E /* NewsTitleTableViewCell.xib */ = {isa = PBXFileReference; lastKnownFileType = file.xib; path = NewsTitleTableViewCell.xib; sourceTree = "<group>"; };
		60C67F5F2558819B00F05E4E /* NewsContentTableViewCell.swift */ = {isa = PBXFileReference; lastKnownFileType = sourcecode.swift; path = NewsContentTableViewCell.swift; sourceTree = "<group>"; };
		60C67F602558819B00F05E4E /* NewsContentTableViewCell.xib */ = {isa = PBXFileReference; lastKnownFileType = file.xib; path = NewsContentTableViewCell.xib; sourceTree = "<group>"; };
		60D242E525408648004BBFF0 /* AnnounceListViewController.swift */ = {isa = PBXFileReference; lastKnownFileType = sourcecode.swift; path = AnnounceListViewController.swift; sourceTree = "<group>"; };
		60D242E825408662004BBFF0 /* AnnounceListTableViewCell.swift */ = {isa = PBXFileReference; lastKnownFileType = sourcecode.swift; path = AnnounceListTableViewCell.swift; sourceTree = "<group>"; };
		60D242E925408662004BBFF0 /* AnnounceListTableViewCell.xib */ = {isa = PBXFileReference; lastKnownFileType = file.xib; path = AnnounceListTableViewCell.xib; sourceTree = "<group>"; };
		60D242ED25408DA5004BBFF0 /* AnnounceDetailViewController.swift */ = {isa = PBXFileReference; lastKnownFileType = sourcecode.swift; path = AnnounceDetailViewController.swift; sourceTree = "<group>"; };
		60E1F495251C6EC70002323B /* 云计方.app */ = {isa = PBXFileReference; explicitFileType = wrapper.application; includeInIndex = 0; path = "云计方.app"; sourceTree = BUILT_PRODUCTS_DIR; };
		60E1F498251C6EC70002323B /* AppDelegate.swift */ = {isa = PBXFileReference; lastKnownFileType = sourcecode.swift; path = AppDelegate.swift; sourceTree = "<group>"; };
		60E1F4A1251C6EC80002323B /* Assets.xcassets */ = {isa = PBXFileReference; lastKnownFileType = folder.assetcatalog; path = Assets.xcassets; sourceTree = "<group>"; };
		60E1F4A4251C6EC80002323B /* Base */ = {isa = PBXFileReference; lastKnownFileType = file.storyboard; name = Base; path = Base.lproj/LaunchScreen.storyboard; sourceTree = "<group>"; };
		60E1F4A6251C6EC80002323B /* Info.plist */ = {isa = PBXFileReference; lastKnownFileType = text.plist.xml; path = Info.plist; sourceTree = "<group>"; };
		60E1F4B1251C6FFC0002323B /* KeyboardHelper.swift */ = {isa = PBXFileReference; fileEncoding = 4; lastKnownFileType = sourcecode.swift; path = KeyboardHelper.swift; sourceTree = "<group>"; };
		60E1F4B4251C700E0002323B /* APIHelper.swift */ = {isa = PBXFileReference; fileEncoding = 4; lastKnownFileType = sourcecode.swift; path = APIHelper.swift; sourceTree = "<group>"; };
		60E1F4B6251C700E0002323B /* Response.swift */ = {isa = PBXFileReference; fileEncoding = 4; lastKnownFileType = sourcecode.swift; path = Response.swift; sourceTree = "<group>"; };
		60E1F4BB251C70170002323B /* Alert.swift */ = {isa = PBXFileReference; fileEncoding = 4; lastKnownFileType = sourcecode.swift; path = Alert.swift; sourceTree = "<group>"; };
		60E1F4BC251C70170002323B /* AppPromisable.swift */ = {isa = PBXFileReference; fileEncoding = 4; lastKnownFileType = sourcecode.swift; path = AppPromisable.swift; sourceTree = "<group>"; };
		60E1F4BD251C70170002323B /* ViewHelpers.swift */ = {isa = PBXFileReference; fileEncoding = 4; lastKnownFileType = sourcecode.swift; path = ViewHelpers.swift; sourceTree = "<group>"; };
		60E1F4C3251C701F0002323B /* Calendar+Extension.swift */ = {isa = PBXFileReference; fileEncoding = 4; lastKnownFileType = sourcecode.swift; path = "Calendar+Extension.swift"; sourceTree = "<group>"; };
		60E1F4C4251C701F0002323B /* UIView+Extensions.swift */ = {isa = PBXFileReference; fileEncoding = 4; lastKnownFileType = sourcecode.swift; path = "UIView+Extensions.swift"; sourceTree = "<group>"; };
		60E1F4C5251C701F0002323B /* Date+Extension.swift */ = {isa = PBXFileReference; fileEncoding = 4; lastKnownFileType = sourcecode.swift; path = "Date+Extension.swift"; sourceTree = "<group>"; };
		60E1F4C6251C701F0002323B /* UIButton+Extension.swift */ = {isa = PBXFileReference; fileEncoding = 4; lastKnownFileType = sourcecode.swift; path = "UIButton+Extension.swift"; sourceTree = "<group>"; };
		60E1F4C8251C701F0002323B /* UIControl+Extension.swift */ = {isa = PBXFileReference; fileEncoding = 4; lastKnownFileType = sourcecode.swift; path = "UIControl+Extension.swift"; sourceTree = "<group>"; };
		60E1F4C9251C701F0002323B /* JSON+Extension.swift */ = {isa = PBXFileReference; fileEncoding = 4; lastKnownFileType = sourcecode.swift; path = "JSON+Extension.swift"; sourceTree = "<group>"; };
		60E1F4CA251C701F0002323B /* String+Extension.swift */ = {isa = PBXFileReference; fileEncoding = 4; lastKnownFileType = sourcecode.swift; path = "String+Extension.swift"; sourceTree = "<group>"; };
		60E1F4CB251C701F0002323B /* Decodable+Extension.swift */ = {isa = PBXFileReference; fileEncoding = 4; lastKnownFileType = sourcecode.swift; path = "Decodable+Extension.swift"; sourceTree = "<group>"; };
		60E1F4CC251C701F0002323B /* DateFormatter+Extension.swift */ = {isa = PBXFileReference; fileEncoding = 4; lastKnownFileType = sourcecode.swift; path = "DateFormatter+Extension.swift"; sourceTree = "<group>"; };
		60E1F4CD251C701F0002323B /* Fonts.swift */ = {isa = PBXFileReference; fileEncoding = 4; lastKnownFileType = sourcecode.swift; path = Fonts.swift; sourceTree = "<group>"; };
		60E1F4CE251C701F0002323B /* UIStackView+Extension.swift */ = {isa = PBXFileReference; fileEncoding = 4; lastKnownFileType = sourcecode.swift; path = "UIStackView+Extension.swift"; sourceTree = "<group>"; };
		60E1F4CF251C701F0002323B /* Notification+Extension.swift */ = {isa = PBXFileReference; fileEncoding = 4; lastKnownFileType = sourcecode.swift; path = "Notification+Extension.swift"; sourceTree = "<group>"; };
		60E1F4D0251C701F0002323B /* Dictionary+Extensions.swift */ = {isa = PBXFileReference; fileEncoding = 4; lastKnownFileType = sourcecode.swift; path = "Dictionary+Extensions.swift"; sourceTree = "<group>"; };
		60E1F4D1251C701F0002323B /* Plist.swift */ = {isa = PBXFileReference; fileEncoding = 4; lastKnownFileType = sourcecode.swift; path = Plist.swift; sourceTree = "<group>"; };
		60E1F4D2251C701F0002323B /* Array+Extension.swift */ = {isa = PBXFileReference; fileEncoding = 4; lastKnownFileType = sourcecode.swift; path = "Array+Extension.swift"; sourceTree = "<group>"; };
		60E1F4D3251C701F0002323B /* SKProduct+Extension.swift */ = {isa = PBXFileReference; fileEncoding = 4; lastKnownFileType = sourcecode.swift; path = "SKProduct+Extension.swift"; sourceTree = "<group>"; };
		60E1F4E5251C70970002323B /* Colors.swift */ = {isa = PBXFileReference; fileEncoding = 4; lastKnownFileType = sourcecode.swift; path = Colors.swift; sourceTree = "<group>"; };
		60E1F4E8251C70C80002323B /* BaseViewController.swift */ = {isa = PBXFileReference; fileEncoding = 4; lastKnownFileType = sourcecode.swift; path = BaseViewController.swift; sourceTree = "<group>"; };
		60E1F4EA251C73A90002323B /* RootViewController.swift */ = {isa = PBXFileReference; fileEncoding = 4; lastKnownFileType = sourcecode.swift; path = RootViewController.swift; sourceTree = "<group>"; };
		60E1F4ED251C73E40002323B /* HomeViewController.swift */ = {isa = PBXFileReference; lastKnownFileType = sourcecode.swift; path = HomeViewController.swift; sourceTree = "<group>"; };
		60E1F4F0251C742E0002323B /* LoginViewController.swift */ = {isa = PBXFileReference; fileEncoding = 4; lastKnownFileType = sourcecode.swift; path = LoginViewController.swift; sourceTree = "<group>"; };
		60E1F4F2251C77740002323B /* SplashViewController.swift */ = {isa = PBXFileReference; lastKnownFileType = sourcecode.swift; path = SplashViewController.swift; sourceTree = "<group>"; };
		60E1F4F4251C883D0002323B /* LoginManager.swift */ = {isa = PBXFileReference; lastKnownFileType = sourcecode.swift; path = LoginManager.swift; sourceTree = "<group>"; };
		60E1F4F6251CCAEA0002323B /* Service.swift */ = {isa = PBXFileReference; lastKnownFileType = sourcecode.swift; path = Service.swift; sourceTree = "<group>"; };
		60E1F4F8251CDCBD0002323B /* API.swift */ = {isa = PBXFileReference; lastKnownFileType = sourcecode.swift; path = API.swift; sourceTree = "<group>"; };
		60E1F4FA251CDE710002323B /* Utils.swift */ = {isa = PBXFileReference; lastKnownFileType = sourcecode.swift; path = Utils.swift; sourceTree = "<group>"; };
		60E1F4FC251CFAB80002323B /* ResultResult.swift */ = {isa = PBXFileReference; lastKnownFileType = sourcecode.swift; path = ResultResult.swift; sourceTree = "<group>"; };
		60E1F4FF251D96510002323B /* Requests.swift */ = {isa = PBXFileReference; lastKnownFileType = sourcecode.swift; path = Requests.swift; sourceTree = "<group>"; };
		60F818D12540F8A800E676C5 /* LocationManager.swift */ = {isa = PBXFileReference; lastKnownFileType = sourcecode.swift; path = LocationManager.swift; sourceTree = "<group>"; };
		60F818D4254102D600E676C5 /* voice_unload_point.mp3 */ = {isa = PBXFileReference; lastKnownFileType = audio.mp3; path = voice_unload_point.mp3; sourceTree = "<group>"; };
		60F818D5254102D600E676C5 /* voice_notification.mp3 */ = {isa = PBXFileReference; lastKnownFileType = audio.mp3; path = voice_notification.mp3; sourceTree = "<group>"; };
		60F818D6254102D600E676C5 /* voice_load_point.mp3 */ = {isa = PBXFileReference; lastKnownFileType = audio.mp3; path = voice_load_point.mp3; sourceTree = "<group>"; };
		60F818DB2541034E00E676C5 /* VoicePlaybackManager.swift */ = {isa = PBXFileReference; lastKnownFileType = sourcecode.swift; path = VoicePlaybackManager.swift; sourceTree = "<group>"; };
		60F818DE2541481E00E676C5 /* PollingManager.swift */ = {isa = PBXFileReference; lastKnownFileType = sourcecode.swift; path = PollingManager.swift; sourceTree = "<group>"; };
		60F818E1254180C200E676C5 /* MsgListTableViewCell.swift */ = {isa = PBXFileReference; lastKnownFileType = sourcecode.swift; path = MsgListTableViewCell.swift; sourceTree = "<group>"; };
		60F818E2254180C200E676C5 /* MsgListTableViewCell.xib */ = {isa = PBXFileReference; lastKnownFileType = file.xib; path = MsgListTableViewCell.xib; sourceTree = "<group>"; };
		60F818E62541CF6E00E676C5 /* FormStackView.swift */ = {isa = PBXFileReference; lastKnownFileType = sourcecode.swift; path = FormStackView.swift; sourceTree = "<group>"; };
		60F818E92542B20A00E676C5 /* ReportHeaderView.swift */ = {isa = PBXFileReference; lastKnownFileType = sourcecode.swift; path = ReportHeaderView.swift; sourceTree = "<group>"; };
		60F818EC2542D27F00E676C5 /* ReportTableHeaderView.swift */ = {isa = PBXFileReference; lastKnownFileType = sourcecode.swift; path = ReportTableHeaderView.swift; sourceTree = "<group>"; };
		60F818EF2542DBDF00E676C5 /* TotalAmountFooterView.swift */ = {isa = PBXFileReference; lastKnownFileType = sourcecode.swift; path = TotalAmountFooterView.swift; sourceTree = "<group>"; };
		60F818F22542E30D00E676C5 /* ReportTableViewCell.swift */ = {isa = PBXFileReference; lastKnownFileType = sourcecode.swift; path = ReportTableViewCell.swift; sourceTree = "<group>"; };
		60F818F32542E30D00E676C5 /* ReportTableViewCell.xib */ = {isa = PBXFileReference; lastKnownFileType = file.xib; path = ReportTableViewCell.xib; sourceTree = "<group>"; };
		60F8190625431E9800E676C5 /* TruckDriverIncomeViewController.swift */ = {isa = PBXFileReference; lastKnownFileType = sourcecode.swift; path = TruckDriverIncomeViewController.swift; sourceTree = "<group>"; };
		60F81909254320EC00E676C5 /* IncomeHeaderView.swift */ = {isa = PBXFileReference; lastKnownFileType = sourcecode.swift; path = IncomeHeaderView.swift; sourceTree = "<group>"; };
		60F8190C254329CA00E676C5 /* IncomeListTableViewCell.swift */ = {isa = PBXFileReference; lastKnownFileType = sourcecode.swift; path = IncomeListTableViewCell.swift; sourceTree = "<group>"; };
		60F8190D254329CA00E676C5 /* IncomeListTableViewCell.xib */ = {isa = PBXFileReference; lastKnownFileType = file.xib; path = IncomeListTableViewCell.xib; sourceTree = "<group>"; };
		60FDED91254561C9000E6073 /* ApplyRepairViewController.swift */ = {isa = PBXFileReference; lastKnownFileType = sourcecode.swift; path = ApplyRepairViewController.swift; sourceTree = "<group>"; };
		6BE9020525544D2B00939D7B /* Truck-Bridging-Header.h */ = {isa = PBXFileReference; lastKnownFileType = sourcecode.c.h; path = "Truck-Bridging-Header.h"; sourceTree = "<group>"; };
		6BE9020925545FBA00939D7B /* AnnnotationLabel.swift */ = {isa = PBXFileReference; lastKnownFileType = sourcecode.swift; path = AnnnotationLabel.swift; sourceTree = "<group>"; };
		B65F0C6E3832B67E97FE0CB3 /* libPods-Truck.a */ = {isa = PBXFileReference; explicitFileType = archive.ar; includeInIndex = 0; path = "libPods-Truck.a"; sourceTree = BUILT_PRODUCTS_DIR; };
/* End PBXFileReference section */

/* Begin PBXFrameworksBuildPhase section */
		60E1F492251C6EC70002323B /* Frameworks */ = {
			isa = PBXFrameworksBuildPhase;
			buildActionMask = 2147483647;
			files = (
				5CC44EC0B948EE53B9C1F7C7 /* libPods-Truck.a in Frameworks */,
			);
			runOnlyForDeploymentPostprocessing = 0;
		};
/* End PBXFrameworksBuildPhase section */

/* Begin PBXGroup section */
		2F43D655F8D1FE2036FAE452 /* Pods */ = {
			isa = PBXGroup;
			children = (
				2ADA9FE3CDEB64FC208D41F2 /* Pods-Truck.debug.xcconfig */,
				3D0052B2B60E01FCE9EFACF8 /* Pods-Truck.release.xcconfig */,
			);
			path = Pods;
			sourceTree = "<group>";
		};
		601048C8254424E70046E209 /* Gas */ = {
			isa = PBXGroup;
			children = (
				604AF225251DF4E000AEC01F /* GasViewController.swift */,
				601048C9254425150046E209 /* GasListViewController.swift */,
				6009BF3C25442ACC00421509 /* ApplyGasViewController.swift */,
				60C67F392557E3A300F05E4E /* ReviseGasViewController.swift */,
				6009BF3F25442BFC00421509 /* GasListTableViewCell.swift */,
				6009BF4025442BFC00421509 /* GasListTableViewCell.xib */,
				6009BF442544462E00421509 /* GasDetailViewController.swift */,
			);
			path = Gas;
			sourceTree = "<group>";
		};
		6040C27A251E321700C4FEBB /* WorkBench */ = {
			isa = PBXGroup;
			children = (
				604AF221251DF4B900AEC01F /* WorkBenchViewController.swift */,
				604E7901253D651200BDFB0D /* WorkbenchListViewController.swift */,
				604E7909253DC92F00BDFB0D /* OrderDetailViewController.swift */,
				604E790C253E84A400BDFB0D /* OrderOperateViewController.swift */,
			);
			path = WorkBench;
			sourceTree = "<group>";
		};
		604AF22D251DF8C300AEC01F /* MyTasks */ = {
			isa = PBXGroup;
			children = (
				6040C278251E104500C4FEBB /* TaskListViewController.swift */,
				60B61307251E452A0091ABCA /* TaskListTableViewCell.swift */,
				60B61308251E452A0091ABCA /* TaskListTableViewCell.xib */,
				604AF21F251DF4AC00AEC01F /* MyTaskViewController.swift */,
				600CDFE7253C335E000C063D /* TaskDetailViewController.swift */,
				600CDFE8253C335E000C063D /* TaskDetailViewController.xib */,
			);
			path = MyTasks;
			sourceTree = "<group>";
		};
		605B6B5725454F320099BA33 /* Repair */ = {
			isa = PBXGroup;
			children = (
				604AF229251DF4F700AEC01F /* RepairViewController.swift */,
				605B6B58254552B20099BA33 /* RepairListViewController.swift */,
				605B6B5C25455C7E0099BA33 /* RepairListTableViewCell.swift */,
				605B6B5D25455C7E0099BA33 /* RepairListTableViewCell.xib */,
				605B6B6125455EAD0099BA33 /* RepairDetailViewController.swift */,
				60FDED91254561C9000E6073 /* ApplyRepairViewController.swift */,
			);
			path = Repair;
			sourceTree = "<group>";
		};
		606F51D625401BF100660B37 /* Dispatch */ = {
			isa = PBXGroup;
			children = (
				604AF223251DF4BF00AEC01F /* DispatchViewController.swift */,
			);
			path = Dispatch;
			sourceTree = "<group>";
		};
		60C67F3C25581C0D00F05E4E /* Violation */ = {
			isa = PBXGroup;
			children = (
				604AF227251DF4EB00AEC01F /* ViolationViewController.swift */,
				60C67F3D25581C6D00F05E4E /* ViolationListViewController.swift */,
				60C67F4025581D3B00F05E4E /* ApplyViolationViewController.swift */,
				60C67F432558274500F05E4E /* ViolationDetailViewController.swift */,
			);
			path = Violation;
			sourceTree = "<group>";
		};
		60DC0161251DB414000B8287 /* Parts */ = {
			isa = PBXGroup;
			children = (
				604E791D253EAB2F00BDFB0D /* AlbumImageCollectionViewCell.swift */,
				604E791A253EAAD300BDFB0D /* ChangeProfileAlbumTableViewCell.swift */,
				604AF217251DBFDF00AEC01F /* DropDownMenu.swift */,
				604AF219251DE72900AEC01F /* HomeCollectionViewCell.swift */,
				604AF21A251DE72900AEC01F /* HomeCollectionViewCell.xib */,
				604E78FC253D5EF100BDFB0D /* FormTableViewCell.swift */,
				604E78FD253D5EF100BDFB0D /* FormTableViewCell.xib */,
				604E7915253EA91900BDFB0D /* FormSelectTableViewCell.swift */,
				604E7916253EA91900BDFB0D /* FormSelectTableViewCell.xib */,
				604E7904253D69DB00BDFB0D /* WorkBenchListTableViewCell.swift */,
				604E7905253D69DB00BDFB0D /* WorkBenchListTableViewCell.xib */,
				606F51CB254009FA00660B37 /* FormInputTableViewCell.swift */,
				606F51CC254009FA00660B37 /* FormInputTableViewCell.xib */,
				606F51D025400CD500660B37 /* SingleButtonFooterView.swift */,
				60D242E825408662004BBFF0 /* AnnounceListTableViewCell.swift */,
				60D242E925408662004BBFF0 /* AnnounceListTableViewCell.xib */,
				60F818E1254180C200E676C5 /* MsgListTableViewCell.swift */,
				60F818E2254180C200E676C5 /* MsgListTableViewCell.xib */,
				60F818E62541CF6E00E676C5 /* FormStackView.swift */,
				60F818E92542B20A00E676C5 /* ReportHeaderView.swift */,
				60F81909254320EC00E676C5 /* IncomeHeaderView.swift */,
				60F818EC2542D27F00E676C5 /* ReportTableHeaderView.swift */,
				60F818EF2542DBDF00E676C5 /* TotalAmountFooterView.swift */,
				60F818F22542E30D00E676C5 /* ReportTableViewCell.swift */,
				60F818F32542E30D00E676C5 /* ReportTableViewCell.xib */,
				60F8190C254329CA00E676C5 /* IncomeListTableViewCell.swift */,
				60F8190D254329CA00E676C5 /* IncomeListTableViewCell.xib */,
				60B8567625563E7900F71318 /* PhoneNumLabel.swift */,
				60B856A6255652EB00F71318 /* UILabel+Extension.swift */,
				60B856A925565A0D00F71318 /* MapTableViewCell.swift */,
				60C67F172557C19B00F05E4E /* FormTextViewTableViewCell.swift */,
				60C67F182557C19B00F05E4E /* FormTextViewTableViewCell.xib */,
				60C67F552558816A00F05E4E /* NewsImageTableViewCell.swift */,
				60C67F562558816A00F05E4E /* NewsImageTableViewCell.xib */,
				60C67F5A2558818B00F05E4E /* NewsTitleTableViewCell.swift */,
				60C67F5F2558819B00F05E4E /* NewsContentTableViewCell.swift */,
				60C67F602558819B00F05E4E /* NewsContentTableViewCell.xib */,
				60C67F5B2558818B00F05E4E /* NewsTitleTableViewCell.xib */,
			);
			path = Parts;
			sourceTree = "<group>";
		};
		60E1F48C251C6EC70002323B = {
			isa = PBXGroup;
			children = (
				6BE9020925545FBA00939D7B /* AnnnotationLabel.swift */,
				60E1F497251C6EC70002323B /* Truck */,
				60E1F496251C6EC70002323B /* Products */,
				2F43D655F8D1FE2036FAE452 /* Pods */,
				E4C0DADA72E7AAA509D7964A /* Frameworks */,
			);
			sourceTree = "<group>";
		};
		60E1F496251C6EC70002323B /* Products */ = {
			isa = PBXGroup;
			children = (
				60E1F495251C6EC70002323B /* 云计方.app */,
			);
			name = Products;
			sourceTree = "<group>";
		};
		60E1F497251C6EC70002323B /* Truck */ = {
			isa = PBXGroup;
			children = (
				60C67F3C25581C0D00F05E4E /* Violation */,
				605B6B5725454F320099BA33 /* Repair */,
				601048C8254424E70046E209 /* Gas */,
				60F8190525431E6E00E676C5 /* Reports */,
				606F51D625401BF100660B37 /* Dispatch */,
				6040C27A251E321700C4FEBB /* WorkBench */,
				604AF22D251DF8C300AEC01F /* MyTasks */,
				60DC0161251DB414000B8287 /* Parts */,
				60E1F4EF251C74270002323B /* Login */,
				60E1F4EC251C73C70002323B /* Home */,
				60E1F4EA251C73A90002323B /* RootViewController.swift */,
				60E1F498251C6EC70002323B /* AppDelegate.swift */,
				60E1F4E7251C70C80002323B /* Base */,
				60E1F4C2251C701F0002323B /* Extension */,
				60E1F4B9251C70170002323B /* Global */,
				60E1F4B3251C700E0002323B /* WeApi */,
				60E1F4B0251C6FFC0002323B /* Protocols */,
				60E1F4A1251C6EC80002323B /* Assets.xcassets */,
				60E1F4A3251C6EC80002323B /* LaunchScreen.storyboard */,
				60E1F4A6251C6EC80002323B /* Info.plist */,
				6BE9020525544D2B00939D7B /* Truck-Bridging-Header.h */,
			);
			path = Truck;
			sourceTree = "<group>";
		};
		60E1F4B0251C6FFC0002323B /* Protocols */ = {
			isa = PBXGroup;
			children = (
				60E1F4B1251C6FFC0002323B /* KeyboardHelper.swift */,
			);
			path = Protocols;
			sourceTree = "<group>";
		};
		60E1F4B3251C700E0002323B /* WeApi */ = {
			isa = PBXGroup;
			children = (
				60E1F4FC251CFAB80002323B /* ResultResult.swift */,
				60E1F4F6251CCAEA0002323B /* Service.swift */,
				606F51D3254012CF00660B37 /* UploadTool.swift */,
				60E1F4F8251CDCBD0002323B /* API.swift */,
				60E1F4B4251C700E0002323B /* APIHelper.swift */,
				60E1F4FF251D96510002323B /* Requests.swift */,
				60E1F4B6251C700E0002323B /* Response.swift */,
				604AF213251DBA7A00AEC01F /* Defaults.swift */,
				604AF215251DBD6700AEC01F /* Errors.swift */,
			);
			path = WeApi;
			sourceTree = "<group>";
		};
		60E1F4B9251C70170002323B /* Global */ = {
			isa = PBXGroup;
			children = (
				60E1F4BB251C70170002323B /* Alert.swift */,
				60E1F4BC251C70170002323B /* AppPromisable.swift */,
				60E1F4BD251C70170002323B /* ViewHelpers.swift */,
			);
			path = Global;
			sourceTree = "<group>";
		};
		60E1F4C2251C701F0002323B /* Extension */ = {
			isa = PBXGroup;
			children = (
				60E1F4E5251C70970002323B /* Colors.swift */,
				60E1F4C3251C701F0002323B /* Calendar+Extension.swift */,
				60E1F4C4251C701F0002323B /* UIView+Extensions.swift */,
				60E1F4C5251C701F0002323B /* Date+Extension.swift */,
				60E1F4C6251C701F0002323B /* UIButton+Extension.swift */,
				60E1F4C8251C701F0002323B /* UIControl+Extension.swift */,
				60E1F4C9251C701F0002323B /* JSON+Extension.swift */,
				60E1F4CA251C701F0002323B /* String+Extension.swift */,
				60E1F4CB251C701F0002323B /* Decodable+Extension.swift */,
				60E1F4CC251C701F0002323B /* DateFormatter+Extension.swift */,
				60E1F4CD251C701F0002323B /* Fonts.swift */,
				60E1F4CE251C701F0002323B /* UIStackView+Extension.swift */,
				60E1F4CF251C701F0002323B /* Notification+Extension.swift */,
				60E1F4D0251C701F0002323B /* Dictionary+Extensions.swift */,
				60E1F4D1251C701F0002323B /* Plist.swift */,
				60E1F4D2251C701F0002323B /* Array+Extension.swift */,
				60E1F4D3251C701F0002323B /* SKProduct+Extension.swift */,
				605B6B5325450A240099BA33 /* UITextField+Extension.swift */,
			);
			path = Extension;
			sourceTree = "<group>";
		};
		60E1F4E7251C70C80002323B /* Base */ = {
			isa = PBXGroup;
			children = (
				60E1F4E8251C70C80002323B /* BaseViewController.swift */,
			);
			path = Base;
			sourceTree = "<group>";
		};
		60E1F4EC251C73C70002323B /* Home */ = {
			isa = PBXGroup;
			children = (
				60E1F4ED251C73E40002323B /* HomeViewController.swift */,
				604AF21D251DEB1C00AEC01F /* HomeCollectionConfig.swift */,
				600CDFD5253B198E000C063D /* TitleInfoLabelTableViewCell.swift */,
				600CDFD6253B198E000C063D /* TitleInfoLabelTableViewCell.xib */,
				600CDFDA253B1CD1000C063D /* MyViewController.swift */,
				600CDFDD253B3C2E000C063D /* TitledHeaderView.swift */,
				600CDFE0253B4574000C063D /* ButtonFooterView.swift */,
				600CDFEC253C7421000C063D /* AnnounceViewController.swift */,
				600CDFEF253C742F000C063D /* NotificationListViewController.swift */,
				606F51C8254009CE00660B37 /* RevisePWViewController.swift */,
				6009A644254082D8001F7EF7 /* NewsDetailViewController.swift */,
				60D242E525408648004BBFF0 /* AnnounceListViewController.swift */,
				60D242ED25408DA5004BBFF0 /* AnnounceDetailViewController.swift */,
			);
			path = Home;
			sourceTree = "<group>";
		};
		60E1F4EF251C74270002323B /* Login */ = {
			isa = PBXGroup;
			children = (
				60F818D6254102D600E676C5 /* voice_load_point.mp3 */,
				60F818D5254102D600E676C5 /* voice_notification.mp3 */,
				60F818D4254102D600E676C5 /* voice_unload_point.mp3 */,
				60E1F4F0251C742E0002323B /* LoginViewController.swift */,
				60E1F4F2251C77740002323B /* SplashViewController.swift */,
				60E1F4F4251C883D0002323B /* LoginManager.swift */,
				60E1F4FA251CDE710002323B /* Utils.swift */,
				60F818D12540F8A800E676C5 /* LocationManager.swift */,
				60F818DB2541034E00E676C5 /* VoicePlaybackManager.swift */,
				60F818DE2541481E00E676C5 /* PollingManager.swift */,
			);
			path = Login;
			sourceTree = "<group>";
		};
		60F8190525431E6E00E676C5 /* Reports */ = {
			isa = PBXGroup;
			children = (
				604AF22B251DF50100AEC01F /* StatisticsViewController.swift */,
				60F8190625431E9800E676C5 /* TruckDriverIncomeViewController.swift */,
			);
			path = Reports;
			sourceTree = "<group>";
		};
		E4C0DADA72E7AAA509D7964A /* Frameworks */ = {
			isa = PBXGroup;
			children = (
				B65F0C6E3832B67E97FE0CB3 /* libPods-Truck.a */,
			);
			name = Frameworks;
			sourceTree = "<group>";
		};
/* End PBXGroup section */

/* Begin PBXNativeTarget section */
		60E1F494251C6EC70002323B /* Truck */ = {
			isa = PBXNativeTarget;
			buildConfigurationList = 60E1F4A9251C6EC80002323B /* Build configuration list for PBXNativeTarget "Truck" */;
			buildPhases = (
				7A5F486A64161B2DE72E84C1 /* [CP] Check Pods Manifest.lock */,
				60E1F491251C6EC70002323B /* Sources */,
				60E1F492251C6EC70002323B /* Frameworks */,
				60E1F493251C6EC70002323B /* Resources */,
				2DCE27EB0881BB99AE327C5A /* [CP] Copy Pods Resources */,
			);
			buildRules = (
			);
			dependencies = (
			);
			name = Truck;
			productName = Truck;
			productReference = 60E1F495251C6EC70002323B /* 云计方.app */;
			productType = "com.apple.product-type.application";
		};
/* End PBXNativeTarget section */

/* Begin PBXProject section */
		60E1F48D251C6EC70002323B /* Project object */ = {
			isa = PBXProject;
			attributes = {
				LastSwiftUpdateCheck = 1160;
				LastUpgradeCheck = 1160;
				ORGANIZATIONNAME = Binada;
				TargetAttributes = {
					60E1F494251C6EC70002323B = {
						CreatedOnToolsVersion = 11.6;
						LastSwiftMigration = 1160;
					};
				};
			};
			buildConfigurationList = 60E1F490251C6EC70002323B /* Build configuration list for PBXProject "Truck" */;
			compatibilityVersion = "Xcode 9.3";
			developmentRegion = en;
			hasScannedForEncodings = 0;
			knownRegions = (
				en,
				Base,
			);
			mainGroup = 60E1F48C251C6EC70002323B;
			productRefGroup = 60E1F496251C6EC70002323B /* Products */;
			projectDirPath = "";
			projectRoot = "";
			targets = (
				60E1F494251C6EC70002323B /* Truck */,
			);
		};
/* End PBXProject section */

/* Begin PBXResourcesBuildPhase section */
		60E1F493251C6EC70002323B /* Resources */ = {
			isa = PBXResourcesBuildPhase;
			buildActionMask = 2147483647;
			files = (
				605B6B5F25455C7E0099BA33 /* RepairListTableViewCell.xib in Resources */,
				600CDFD8253B198E000C063D /* TitleInfoLabelTableViewCell.xib in Resources */,
				604E7907253D69DB00BDFB0D /* WorkBenchListTableViewCell.xib in Resources */,
				60B6130A251E452A0091ABCA /* TaskListTableViewCell.xib in Resources */,
				604E7918253EA91900BDFB0D /* FormSelectTableViewCell.xib in Resources */,
				60C67F1A2557C19B00F05E4E /* FormTextViewTableViewCell.xib in Resources */,
				606F51CE254009FA00660B37 /* FormInputTableViewCell.xib in Resources */,
				60C67F5D2558818B00F05E4E /* NewsTitleTableViewCell.xib in Resources */,
				6009BF4225442BFC00421509 /* GasListTableViewCell.xib in Resources */,
				60F818D7254102D700E676C5 /* voice_unload_point.mp3 in Resources */,
				600CDFEA253C335E000C063D /* TaskDetailViewController.xib in Resources */,
				60F818F52542E30D00E676C5 /* ReportTableViewCell.xib in Resources */,
				60D242EB25408662004BBFF0 /* AnnounceListTableViewCell.xib in Resources */,
				60F818D9254102D700E676C5 /* voice_load_point.mp3 in Resources */,
				60E1F4A5251C6EC80002323B /* LaunchScreen.storyboard in Resources */,
				604AF21C251DE72900AEC01F /* HomeCollectionViewCell.xib in Resources */,
				60F818E4254180C200E676C5 /* MsgListTableViewCell.xib in Resources */,
				60E1F4A2251C6EC80002323B /* Assets.xcassets in Resources */,
				60C67F582558816A00F05E4E /* NewsImageTableViewCell.xib in Resources */,
				60F8190F254329CA00E676C5 /* IncomeListTableViewCell.xib in Resources */,
				60C67F622558819B00F05E4E /* NewsContentTableViewCell.xib in Resources */,
				60F818D8254102D700E676C5 /* voice_notification.mp3 in Resources */,
				604E78FF253D5EF100BDFB0D /* FormTableViewCell.xib in Resources */,
			);
			runOnlyForDeploymentPostprocessing = 0;
		};
/* End PBXResourcesBuildPhase section */

/* Begin PBXShellScriptBuildPhase section */
		2DCE27EB0881BB99AE327C5A /* [CP] Copy Pods Resources */ = {
			isa = PBXShellScriptBuildPhase;
			buildActionMask = 2147483647;
			files = (
			);
			inputFileListPaths = (
				"${PODS_ROOT}/Target Support Files/Pods-Truck/Pods-Truck-resources-${CONFIGURATION}-input-files.xcfilelist",
			);
			name = "[CP] Copy Pods Resources";
			outputFileListPaths = (
				"${PODS_ROOT}/Target Support Files/Pods-Truck/Pods-Truck-resources-${CONFIGURATION}-output-files.xcfilelist",
			);
			runOnlyForDeploymentPostprocessing = 0;
			shellPath = /bin/sh;
			shellScript = "\"${PODS_ROOT}/Target Support Files/Pods-Truck/Pods-Truck-resources.sh\"\n";
			showEnvVarsInLog = 0;
		};
		7A5F486A64161B2DE72E84C1 /* [CP] Check Pods Manifest.lock */ = {
			isa = PBXShellScriptBuildPhase;
			buildActionMask = 2147483647;
			files = (
			);
			inputFileListPaths = (
			);
			inputPaths = (
				"${PODS_PODFILE_DIR_PATH}/Podfile.lock",
				"${PODS_ROOT}/Manifest.lock",
			);
			name = "[CP] Check Pods Manifest.lock";
			outputFileListPaths = (
			);
			outputPaths = (
				"$(DERIVED_FILE_DIR)/Pods-Truck-checkManifestLockResult.txt",
			);
			runOnlyForDeploymentPostprocessing = 0;
			shellPath = /bin/sh;
			shellScript = "diff \"${PODS_PODFILE_DIR_PATH}/Podfile.lock\" \"${PODS_ROOT}/Manifest.lock\" > /dev/null\nif [ $? != 0 ] ; then\n    # print error to STDERR\n    echo \"error: The sandbox is not in sync with the Podfile.lock. Run 'pod install' or update your CocoaPods installation.\" >&2\n    exit 1\nfi\n# This output is used by Xcode 'outputs' to avoid re-running this script phase.\necho \"SUCCESS\" > \"${SCRIPT_OUTPUT_FILE_0}\"\n";
			showEnvVarsInLog = 0;
		};
/* End PBXShellScriptBuildPhase section */

/* Begin PBXSourcesBuildPhase section */
		60E1F491251C6EC70002323B /* Sources */ = {
			isa = PBXSourcesBuildPhase;
			buildActionMask = 2147483647;
			files = (
				604AF226251DF4E100AEC01F /* GasViewController.swift in Sources */,
				601048CA254425150046E209 /* GasListViewController.swift in Sources */,
				60E1F4E0251C701F0002323B /* Notification+Extension.swift in Sources */,
				60E1F4B8251C700E0002323B /* Response.swift in Sources */,
				604AF228251DF4EB00AEC01F /* ViolationViewController.swift in Sources */,
				604E7902253D651200BDFB0D /* WorkbenchListViewController.swift in Sources */,
				604AF220251DF4AC00AEC01F /* MyTaskViewController.swift in Sources */,
				6040C279251E104500C4FEBB /* TaskListViewController.swift in Sources */,
				60F818DC2541034E00E676C5 /* VoicePlaybackManager.swift in Sources */,
				60E1F4DA251C701F0002323B /* JSON+Extension.swift in Sources */,
				604E791B253EAAD300BDFB0D /* ChangeProfileAlbumTableViewCell.swift in Sources */,
				600CDFED253C7421000C063D /* AnnounceViewController.swift in Sources */,
				600CDFDB253B1CD1000C063D /* MyViewController.swift in Sources */,
				60E1F4D9251C701F0002323B /* UIControl+Extension.swift in Sources */,
				60E1F4B7251C700E0002323B /* APIHelper.swift in Sources */,
				60F8190E254329CA00E676C5 /* IncomeListTableViewCell.swift in Sources */,
				604AF21B251DE72900AEC01F /* HomeCollectionViewCell.swift in Sources */,
				604AF218251DBFDF00AEC01F /* DropDownMenu.swift in Sources */,
				605B6B5E25455C7E0099BA33 /* RepairListTableViewCell.swift in Sources */,
				60E1F4F5251C883D0002323B /* LoginManager.swift in Sources */,
				604AF21E251DEB1C00AEC01F /* HomeCollectionConfig.swift in Sources */,
				60E1F4F1251C742E0002323B /* LoginViewController.swift in Sources */,
				60E1F4E9251C70C80002323B /* BaseViewController.swift in Sources */,
				60C67F572558816A00F05E4E /* NewsImageTableViewCell.swift in Sources */,
				605B6B5425450A250099BA33 /* UITextField+Extension.swift in Sources */,
				60C67F5C2558818B00F05E4E /* NewsTitleTableViewCell.swift in Sources */,
				60F818E72541CF6E00E676C5 /* FormStackView.swift in Sources */,
				60C67F612558819B00F05E4E /* NewsContentTableViewCell.swift in Sources */,
				606F51C9254009CE00660B37 /* RevisePWViewController.swift in Sources */,
				60E1F4D7251C701F0002323B /* UIButton+Extension.swift in Sources */,
				604AF214251DBA7A00AEC01F /* Defaults.swift in Sources */,
				60F818E3254180C200E676C5 /* MsgListTableViewCell.swift in Sources */,
				60E1F4F7251CCAEA0002323B /* Service.swift in Sources */,
				60C67F4125581D3B00F05E4E /* ApplyViolationViewController.swift in Sources */,
				60E1F4E3251C701F0002323B /* Array+Extension.swift in Sources */,
				60E1F4F3251C77740002323B /* SplashViewController.swift in Sources */,
				604E791E253EAB2F00BDFB0D /* AlbumImageCollectionViewCell.swift in Sources */,
				604AF22C251DF50100AEC01F /* StatisticsViewController.swift in Sources */,
				604AF224251DF4BF00AEC01F /* DispatchViewController.swift in Sources */,
				600CDFDE253B3C2E000C063D /* TitledHeaderView.swift in Sources */,
				60C67F442558274500F05E4E /* ViolationDetailViewController.swift in Sources */,
				60D242EA25408662004BBFF0 /* AnnounceListTableViewCell.swift in Sources */,
				60E1F4E4251C701F0002323B /* SKProduct+Extension.swift in Sources */,
				606F51CD254009FA00660B37 /* FormInputTableViewCell.swift in Sources */,
				60E1F4C1251C70170002323B /* ViewHelpers.swift in Sources */,
				60C67F3A2557E3A300F05E4E /* ReviseGasViewController.swift in Sources */,
				60E1F4DC251C701F0002323B /* Decodable+Extension.swift in Sources */,
				60E1F4DF251C701F0002323B /* UIStackView+Extension.swift in Sources */,
				60E1F4B2251C6FFC0002323B /* KeyboardHelper.swift in Sources */,
				60B61309251E452A0091ABCA /* TaskListTableViewCell.swift in Sources */,
				604AF222251DF4B900AEC01F /* WorkBenchViewController.swift in Sources */,
				60E1F4DB251C701F0002323B /* String+Extension.swift in Sources */,
				600CDFF0253C742F000C063D /* NotificationListViewController.swift in Sources */,
				60C67F3E25581C6D00F05E4E /* ViolationListViewController.swift in Sources */,
				60E1F4D6251C701F0002323B /* Date+Extension.swift in Sources */,
				60E1F4C0251C70170002323B /* AppPromisable.swift in Sources */,
				60FDED92254561C9000E6073 /* ApplyRepairViewController.swift in Sources */,
				60F8190725431E9800E676C5 /* TruckDriverIncomeViewController.swift in Sources */,
				60E1F4E1251C701F0002323B /* Dictionary+Extensions.swift in Sources */,
				60E1F4DD251C701F0002323B /* DateFormatter+Extension.swift in Sources */,
				6009BF4125442BFC00421509 /* GasListTableViewCell.swift in Sources */,
				600CDFE9253C335E000C063D /* TaskDetailViewController.swift in Sources */,
				60F818DF2541481E00E676C5 /* PollingManager.swift in Sources */,
				60B856A7255652EB00F71318 /* UILabel+Extension.swift in Sources */,
				6009BF452544462E00421509 /* GasDetailViewController.swift in Sources */,
				604AF22A251DF4F700AEC01F /* RepairViewController.swift in Sources */,
				60F818D22540F8A800E676C5 /* LocationManager.swift in Sources */,
				60F818EA2542B20A00E676C5 /* ReportHeaderView.swift in Sources */,
				60D242EE25408DA5004BBFF0 /* AnnounceDetailViewController.swift in Sources */,
				60E1F4EE251C73E40002323B /* HomeViewController.swift in Sources */,
				60E1F4E2251C701F0002323B /* Plist.swift in Sources */,
				60F818ED2542D27F00E676C5 /* ReportTableHeaderView.swift in Sources */,
				606F51D125400CD500660B37 /* SingleButtonFooterView.swift in Sources */,
				60E1F4EB251C73A90002323B /* RootViewController.swift in Sources */,
				604E78FE253D5EF100BDFB0D /* FormTableViewCell.swift in Sources */,
				60E1F4FD251CFAB80002323B /* ResultResult.swift in Sources */,
				60E1F499251C6EC70002323B /* AppDelegate.swift in Sources */,
				60B8567725563E7900F71318 /* PhoneNumLabel.swift in Sources */,
				60D242E625408648004BBFF0 /* AnnounceListViewController.swift in Sources */,
				604E7917253EA91900BDFB0D /* FormSelectTableViewCell.swift in Sources */,
				604E790D253E84A400BDFB0D /* OrderOperateViewController.swift in Sources */,
				6009A645254082D8001F7EF7 /* NewsDetailViewController.swift in Sources */,
				60E1F4E6251C70970002323B /* Colors.swift in Sources */,
				604E790A253DC92F00BDFB0D /* OrderDetailViewController.swift in Sources */,
				60C67F192557C19B00F05E4E /* FormTextViewTableViewCell.swift in Sources */,
				604AF216251DBD6700AEC01F /* Errors.swift in Sources */,
				6009BF3D25442ACC00421509 /* ApplyGasViewController.swift in Sources */,
				60E1F4DE251C701F0002323B /* Fonts.swift in Sources */,
				60E1F4BF251C70170002323B /* Alert.swift in Sources */,
				60F8190A254320EC00E676C5 /* IncomeHeaderView.swift in Sources */,
				6BE9020A25545FBA00939D7B /* AnnnotationLabel.swift in Sources */,
				600CDFE1253B4574000C063D /* ButtonFooterView.swift in Sources */,
				60E1F4FB251CDE710002323B /* Utils.swift in Sources */,
				60F818F42542E30D00E676C5 /* ReportTableViewCell.swift in Sources */,
				60F818F02542DBDF00E676C5 /* TotalAmountFooterView.swift in Sources */,
				60B856AA25565A0D00F71318 /* MapTableViewCell.swift in Sources */,
				600CDFD7253B198E000C063D /* TitleInfoLabelTableViewCell.swift in Sources */,
				605B6B6225455EAD0099BA33 /* RepairDetailViewController.swift in Sources */,
				605B6B59254552B20099BA33 /* RepairListViewController.swift in Sources */,
				606F51D4254012CF00660B37 /* UploadTool.swift in Sources */,
				60E1F4D4251C701F0002323B /* Calendar+Extension.swift in Sources */,
				60E1F4F9251CDCBD0002323B /* API.swift in Sources */,
				60E1F500251D96510002323B /* Requests.swift in Sources */,
				60E1F4D5251C701F0002323B /* UIView+Extensions.swift in Sources */,
				604E7906253D69DB00BDFB0D /* WorkBenchListTableViewCell.swift in Sources */,
			);
			runOnlyForDeploymentPostprocessing = 0;
		};
/* End PBXSourcesBuildPhase section */

/* Begin PBXVariantGroup section */
		60E1F4A3251C6EC80002323B /* LaunchScreen.storyboard */ = {
			isa = PBXVariantGroup;
			children = (
				60E1F4A4251C6EC80002323B /* Base */,
			);
			name = LaunchScreen.storyboard;
			sourceTree = "<group>";
		};
/* End PBXVariantGroup section */

/* Begin XCBuildConfiguration section */
		60E1F4A7251C6EC80002323B /* Debug */ = {
			isa = XCBuildConfiguration;
			buildSettings = {
				ALWAYS_SEARCH_USER_PATHS = NO;
				CLANG_ANALYZER_NONNULL = YES;
				CLANG_ANALYZER_NUMBER_OBJECT_CONVERSION = YES_AGGRESSIVE;
				CLANG_CXX_LANGUAGE_STANDARD = "gnu++14";
				CLANG_CXX_LIBRARY = "libc++";
				CLANG_ENABLE_MODULES = YES;
				CLANG_ENABLE_OBJC_ARC = YES;
				CLANG_ENABLE_OBJC_WEAK = YES;
				CLANG_WARN_BLOCK_CAPTURE_AUTORELEASING = YES;
				CLANG_WARN_BOOL_CONVERSION = YES;
				CLANG_WARN_COMMA = YES;
				CLANG_WARN_CONSTANT_CONVERSION = YES;
				CLANG_WARN_DEPRECATED_OBJC_IMPLEMENTATIONS = YES;
				CLANG_WARN_DIRECT_OBJC_ISA_USAGE = YES_ERROR;
				CLANG_WARN_DOCUMENTATION_COMMENTS = YES;
				CLANG_WARN_EMPTY_BODY = YES;
				CLANG_WARN_ENUM_CONVERSION = YES;
				CLANG_WARN_INFINITE_RECURSION = YES;
				CLANG_WARN_INT_CONVERSION = YES;
				CLANG_WARN_NON_LITERAL_NULL_CONVERSION = YES;
				CLANG_WARN_OBJC_IMPLICIT_RETAIN_SELF = YES;
				CLANG_WARN_OBJC_LITERAL_CONVERSION = YES;
				CLANG_WARN_OBJC_ROOT_CLASS = YES_ERROR;
				CLANG_WARN_RANGE_LOOP_ANALYSIS = YES;
				CLANG_WARN_STRICT_PROTOTYPES = YES;
				CLANG_WARN_SUSPICIOUS_MOVE = YES;
				CLANG_WARN_UNGUARDED_AVAILABILITY = YES_AGGRESSIVE;
				CLANG_WARN_UNREACHABLE_CODE = YES;
				CLANG_WARN__DUPLICATE_METHOD_MATCH = YES;
				COPY_PHASE_STRIP = NO;
				DEBUG_INFORMATION_FORMAT = dwarf;
				ENABLE_STRICT_OBJC_MSGSEND = YES;
				ENABLE_TESTABILITY = YES;
				GCC_C_LANGUAGE_STANDARD = gnu11;
				GCC_DYNAMIC_NO_PIC = NO;
				GCC_NO_COMMON_BLOCKS = YES;
				GCC_OPTIMIZATION_LEVEL = 0;
				GCC_PREPROCESSOR_DEFINITIONS = (
					"DEBUG=1",
					"$(inherited)",
				);
				GCC_WARN_64_TO_32_BIT_CONVERSION = YES;
				GCC_WARN_ABOUT_RETURN_TYPE = YES_ERROR;
				GCC_WARN_UNDECLARED_SELECTOR = YES;
				GCC_WARN_UNINITIALIZED_AUTOS = YES_AGGRESSIVE;
				GCC_WARN_UNUSED_FUNCTION = YES;
				GCC_WARN_UNUSED_VARIABLE = YES;
				IPHONEOS_DEPLOYMENT_TARGET = 11.0;
				MTL_ENABLE_DEBUG_INFO = INCLUDE_SOURCE;
				MTL_FAST_MATH = YES;
				ONLY_ACTIVE_ARCH = YES;
				SDKROOT = iphoneos;
				SWIFT_ACTIVE_COMPILATION_CONDITIONS = DEBUG;
				SWIFT_OPTIMIZATION_LEVEL = "-Onone";
			};
			name = Debug;
		};
		60E1F4A8251C6EC80002323B /* Release */ = {
			isa = XCBuildConfiguration;
			buildSettings = {
				ALWAYS_SEARCH_USER_PATHS = NO;
				CLANG_ANALYZER_NONNULL = YES;
				CLANG_ANALYZER_NUMBER_OBJECT_CONVERSION = YES_AGGRESSIVE;
				CLANG_CXX_LANGUAGE_STANDARD = "gnu++14";
				CLANG_CXX_LIBRARY = "libc++";
				CLANG_ENABLE_MODULES = YES;
				CLANG_ENABLE_OBJC_ARC = YES;
				CLANG_ENABLE_OBJC_WEAK = YES;
				CLANG_WARN_BLOCK_CAPTURE_AUTORELEASING = YES;
				CLANG_WARN_BOOL_CONVERSION = YES;
				CLANG_WARN_COMMA = YES;
				CLANG_WARN_CONSTANT_CONVERSION = YES;
				CLANG_WARN_DEPRECATED_OBJC_IMPLEMENTATIONS = YES;
				CLANG_WARN_DIRECT_OBJC_ISA_USAGE = YES_ERROR;
				CLANG_WARN_DOCUMENTATION_COMMENTS = YES;
				CLANG_WARN_EMPTY_BODY = YES;
				CLANG_WARN_ENUM_CONVERSION = YES;
				CLANG_WARN_INFINITE_RECURSION = YES;
				CLANG_WARN_INT_CONVERSION = YES;
				CLANG_WARN_NON_LITERAL_NULL_CONVERSION = YES;
				CLANG_WARN_OBJC_IMPLICIT_RETAIN_SELF = YES;
				CLANG_WARN_OBJC_LITERAL_CONVERSION = YES;
				CLANG_WARN_OBJC_ROOT_CLASS = YES_ERROR;
				CLANG_WARN_RANGE_LOOP_ANALYSIS = YES;
				CLANG_WARN_STRICT_PROTOTYPES = YES;
				CLANG_WARN_SUSPICIOUS_MOVE = YES;
				CLANG_WARN_UNGUARDED_AVAILABILITY = YES_AGGRESSIVE;
				CLANG_WARN_UNREACHABLE_CODE = YES;
				CLANG_WARN__DUPLICATE_METHOD_MATCH = YES;
				COPY_PHASE_STRIP = NO;
				DEBUG_INFORMATION_FORMAT = "dwarf-with-dsym";
				ENABLE_NS_ASSERTIONS = NO;
				ENABLE_STRICT_OBJC_MSGSEND = YES;
				GCC_C_LANGUAGE_STANDARD = gnu11;
				GCC_NO_COMMON_BLOCKS = YES;
				GCC_WARN_64_TO_32_BIT_CONVERSION = YES;
				GCC_WARN_ABOUT_RETURN_TYPE = YES_ERROR;
				GCC_WARN_UNDECLARED_SELECTOR = YES;
				GCC_WARN_UNINITIALIZED_AUTOS = YES_AGGRESSIVE;
				GCC_WARN_UNUSED_FUNCTION = YES;
				GCC_WARN_UNUSED_VARIABLE = YES;
				IPHONEOS_DEPLOYMENT_TARGET = 11.0;
				MTL_ENABLE_DEBUG_INFO = NO;
				MTL_FAST_MATH = YES;
				SDKROOT = iphoneos;
				SWIFT_COMPILATION_MODE = wholemodule;
				SWIFT_OPTIMIZATION_LEVEL = "-O";
				VALIDATE_PRODUCT = YES;
			};
			name = Release;
		};
		60E1F4AA251C6EC80002323B /* Debug */ = {
			isa = XCBuildConfiguration;
			baseConfigurationReference = 2ADA9FE3CDEB64FC208D41F2 /* Pods-Truck.debug.xcconfig */;
			buildSettings = {
				ASSETCATALOG_COMPILER_APPICON_NAME = AppIcon;
				CLANG_ENABLE_MODULES = YES;
				CODE_SIGN_IDENTITY = "Apple Development";
				CODE_SIGN_STYLE = Automatic;
				DEVELOPMENT_TEAM = 7FDN338U88;
				INFOPLIST_FILE = Truck/Info.plist;
				LD_RUNPATH_SEARCH_PATHS = (
					"$(inherited)",
					"@executable_path/Frameworks",
				);
				MARKETING_VERSION = 0.0.7;
				PRODUCT_BUNDLE_IDENTIFIER = com.binada.Truck;
				PRODUCT_NAME = "云计方";
				PROVISIONING_PROFILE_SPECIFIER = "";
				SWIFT_OBJC_BRIDGING_HEADER = "Truck/Truck-Bridging-Header.h";
				SWIFT_OPTIMIZATION_LEVEL = "-Onone";
				SWIFT_VERSION = 5.0;
				TARGETED_DEVICE_FAMILY = 1;
			};
			name = Debug;
		};
		60E1F4AB251C6EC80002323B /* Release */ = {
			isa = XCBuildConfiguration;
			baseConfigurationReference = 3D0052B2B60E01FCE9EFACF8 /* Pods-Truck.release.xcconfig */;
			buildSettings = {
				ASSETCATALOG_COMPILER_APPICON_NAME = AppIcon;
				CLANG_ENABLE_MODULES = YES;
				CODE_SIGN_IDENTITY = "Apple Development";
				CODE_SIGN_STYLE = Automatic;
				DEVELOPMENT_TEAM = 7FDN338U88;
				INFOPLIST_FILE = Truck/Info.plist;
				LD_RUNPATH_SEARCH_PATHS = (
					"$(inherited)",
					"@executable_path/Frameworks",
				);
				MARKETING_VERSION = 0.0.7;
				PRODUCT_BUNDLE_IDENTIFIER = com.binada.Truck;
				PRODUCT_NAME = "云计方";
				PROVISIONING_PROFILE_SPECIFIER = "";
				SWIFT_OBJC_BRIDGING_HEADER = "Truck/Truck-Bridging-Header.h";
				SWIFT_VERSION = 5.0;
				TARGETED_DEVICE_FAMILY = 1;
			};
			name = Release;
		};
/* End XCBuildConfiguration section */

/* Begin XCConfigurationList section */
		60E1F490251C6EC70002323B /* Build configuration list for PBXProject "Truck" */ = {
			isa = XCConfigurationList;
			buildConfigurations = (
				60E1F4A7251C6EC80002323B /* Debug */,
				60E1F4A8251C6EC80002323B /* Release */,
			);
			defaultConfigurationIsVisible = 0;
			defaultConfigurationName = Release;
		};
		60E1F4A9251C6EC80002323B /* Build configuration list for PBXNativeTarget "Truck" */ = {
			isa = XCConfigurationList;
			buildConfigurations = (
				60E1F4AA251C6EC80002323B /* Debug */,
				60E1F4AB251C6EC80002323B /* Release */,
			);
			defaultConfigurationIsVisible = 0;
			defaultConfigurationName = Release;
		};
/* End XCConfigurationList section */
	};
	rootObject = 60E1F48D251C6EC70002323B /* Project object */;
}
